// !$*UTF8*$!
{
	archiveVersion = 1;
	classes = {
	};
	objectVersion = 46;
	objects = {

/* Begin PBXBuildFile section */
		6474CBF619BCE019003C94E2 /* AVFoundation.framework in Frameworks */ = {isa = PBXBuildFile; fileRef = 6474CBF019BCE00B003C94E2 /* AVFoundation.framework */; };
		6474CBF719BCE019003C94E2 /* CoreMedia.framework in Frameworks */ = {isa = PBXBuildFile; fileRef = 6474CBF119BCE00B003C94E2 /* CoreMedia.framework */; };
		6474CBF819BCE019003C94E2 /* QuartzCore.framework in Frameworks */ = {isa = PBXBuildFile; fileRef = 6474CBF219BCE00B003C94E2 /* QuartzCore.framework */; };
		882D4C5A1AF478B000FFB1E8 /* ofxUI2DGraph.cpp in Sources */ = {isa = PBXBuildFile; fileRef = 882D4BFD1AF478B000FFB1E8 /* ofxUI2DGraph.cpp */; };
		882D4C5B1AF478B000FFB1E8 /* ofxUI2DPad.cpp in Sources */ = {isa = PBXBuildFile; fileRef = 882D4BFF1AF478B000FFB1E8 /* ofxUI2DPad.cpp */; };
		882D4C5C1AF478B000FFB1E8 /* ofxUIBaseDraws.cpp in Sources */ = {isa = PBXBuildFile; fileRef = 882D4C011AF478B000FFB1E8 /* ofxUIBaseDraws.cpp */; };
		882D4C5D1AF478B000FFB1E8 /* ofxUIBiLabelSlider.cpp in Sources */ = {isa = PBXBuildFile; fileRef = 882D4C031AF478B000FFB1E8 /* ofxUIBiLabelSlider.cpp */; };
		882D4C5E1AF478B000FFB1E8 /* ofxUIButton.cpp in Sources */ = {isa = PBXBuildFile; fileRef = 882D4C051AF478B000FFB1E8 /* ofxUIButton.cpp */; };
		882D4C5F1AF478B000FFB1E8 /* ofxUICanvas.cpp in Sources */ = {isa = PBXBuildFile; fileRef = 882D4C071AF478B000FFB1E8 /* ofxUICanvas.cpp */; };
		882D4C601AF478B000FFB1E8 /* ofxUICircleSlider.cpp in Sources */ = {isa = PBXBuildFile; fileRef = 882D4C091AF478B000FFB1E8 /* ofxUICircleSlider.cpp */; };
		882D4C611AF478B000FFB1E8 /* ofxUIDragableLabelButton.cpp in Sources */ = {isa = PBXBuildFile; fileRef = 882D4C0C1AF478B000FFB1E8 /* ofxUIDragableLabelButton.cpp */; };
		882D4C621AF478B000FFB1E8 /* ofxUIDropDownList.cpp in Sources */ = {isa = PBXBuildFile; fileRef = 882D4C0E1AF478B000FFB1E8 /* ofxUIDropDownList.cpp */; };
		882D4C631AF478B000FFB1E8 /* ofxUIEventArgs.cpp in Sources */ = {isa = PBXBuildFile; fileRef = 882D4C101AF478B000FFB1E8 /* ofxUIEventArgs.cpp */; };
		882D4C641AF478B000FFB1E8 /* ofxUIFPS.cpp in Sources */ = {isa = PBXBuildFile; fileRef = 882D4C121AF478B000FFB1E8 /* ofxUIFPS.cpp */; };
		882D4C651AF478B000FFB1E8 /* ofxUIFPSSlider.cpp in Sources */ = {isa = PBXBuildFile; fileRef = 882D4C141AF478B000FFB1E8 /* ofxUIFPSSlider.cpp */; };
		882D4C661AF478B000FFB1E8 /* ofxUIImage.cpp in Sources */ = {isa = PBXBuildFile; fileRef = 882D4C161AF478B000FFB1E8 /* ofxUIImage.cpp */; };
		882D4C671AF478B000FFB1E8 /* ofxUIImageButton.cpp in Sources */ = {isa = PBXBuildFile; fileRef = 882D4C181AF478B000FFB1E8 /* ofxUIImageButton.cpp */; };
		882D4C681AF478B000FFB1E8 /* ofxUIImageSampler.cpp in Sources */ = {isa = PBXBuildFile; fileRef = 882D4C1A1AF478B000FFB1E8 /* ofxUIImageSampler.cpp */; };
		882D4C691AF478B000FFB1E8 /* ofxUIImageSlider.cpp in Sources */ = {isa = PBXBuildFile; fileRef = 882D4C1C1AF478B000FFB1E8 /* ofxUIImageSlider.cpp */; };
		882D4C6A1AF478B000FFB1E8 /* ofxUIImageToggle.cpp in Sources */ = {isa = PBXBuildFile; fileRef = 882D4C1E1AF478B000FFB1E8 /* ofxUIImageToggle.cpp */; };
		882D4C6B1AF478B000FFB1E8 /* ofxUILabel.cpp in Sources */ = {isa = PBXBuildFile; fileRef = 882D4C201AF478B000FFB1E8 /* ofxUILabel.cpp */; };
		882D4C6C1AF478B000FFB1E8 /* ofxUILabelButton.cpp in Sources */ = {isa = PBXBuildFile; fileRef = 882D4C221AF478B000FFB1E8 /* ofxUILabelButton.cpp */; };
		882D4C6D1AF478B000FFB1E8 /* ofxUILabelToggle.cpp in Sources */ = {isa = PBXBuildFile; fileRef = 882D4C241AF478B000FFB1E8 /* ofxUILabelToggle.cpp */; };
		882D4C6E1AF478B000FFB1E8 /* ofxUIMinimalSlider.cpp in Sources */ = {isa = PBXBuildFile; fileRef = 882D4C261AF478B000FFB1E8 /* ofxUIMinimalSlider.cpp */; };
		882D4C6F1AF478B000FFB1E8 /* ofxUIMovingGraph.cpp in Sources */ = {isa = PBXBuildFile; fileRef = 882D4C281AF478B000FFB1E8 /* ofxUIMovingGraph.cpp */; };
		882D4C701AF478B000FFB1E8 /* ofxUIMultiImageButton.cpp in Sources */ = {isa = PBXBuildFile; fileRef = 882D4C2A1AF478B000FFB1E8 /* ofxUIMultiImageButton.cpp */; };
		882D4C711AF478B000FFB1E8 /* ofxUIMultiImageToggle.cpp in Sources */ = {isa = PBXBuildFile; fileRef = 882D4C2C1AF478B000FFB1E8 /* ofxUIMultiImageToggle.cpp */; };
		882D4C721AF478B000FFB1E8 /* ofxUINumberDialer.cpp in Sources */ = {isa = PBXBuildFile; fileRef = 882D4C2E1AF478B000FFB1E8 /* ofxUINumberDialer.cpp */; };
		882D4C731AF478B000FFB1E8 /* ofxUIRadio.cpp in Sources */ = {isa = PBXBuildFile; fileRef = 882D4C311AF478B000FFB1E8 /* ofxUIRadio.cpp */; };
		882D4C741AF478B000FFB1E8 /* ofxUIRangeSlider.cpp in Sources */ = {isa = PBXBuildFile; fileRef = 882D4C331AF478B000FFB1E8 /* ofxUIRangeSlider.cpp */; };
		882D4C751AF478B000FFB1E8 /* ofxUIRectangle.cpp in Sources */ = {isa = PBXBuildFile; fileRef = 882D4C351AF478B000FFB1E8 /* ofxUIRectangle.cpp */; };
		882D4C761AF478B000FFB1E8 /* ofxUIRotarySlider.cpp in Sources */ = {isa = PBXBuildFile; fileRef = 882D4C371AF478B000FFB1E8 /* ofxUIRotarySlider.cpp */; };
		882D4C771AF478B000FFB1E8 /* ofxUIScrollableCanvas.cpp in Sources */ = {isa = PBXBuildFile; fileRef = 882D4C391AF478B000FFB1E8 /* ofxUIScrollableCanvas.cpp */; };
		882D4C781AF478B000FFB1E8 /* ofxUISlider.cpp in Sources */ = {isa = PBXBuildFile; fileRef = 882D4C3B1AF478B000FFB1E8 /* ofxUISlider.cpp */; };
		882D4C791AF478B000FFB1E8 /* ofxUISortableList.cpp in Sources */ = {isa = PBXBuildFile; fileRef = 882D4C3D1AF478B000FFB1E8 /* ofxUISortableList.cpp */; };
		882D4C7A1AF478B000FFB1E8 /* ofxUISpacer.cpp in Sources */ = {isa = PBXBuildFile; fileRef = 882D4C3F1AF478B000FFB1E8 /* ofxUISpacer.cpp */; };
		882D4C7B1AF478B000FFB1E8 /* ofxUISpectrum.cpp in Sources */ = {isa = PBXBuildFile; fileRef = 882D4C411AF478B000FFB1E8 /* ofxUISpectrum.cpp */; };
		882D4C7C1AF478B000FFB1E8 /* ofxUISuperCanvas.cpp in Sources */ = {isa = PBXBuildFile; fileRef = 882D4C431AF478B000FFB1E8 /* ofxUISuperCanvas.cpp */; };
		882D4C7D1AF478B000FFB1E8 /* ofxUITabBar.cpp in Sources */ = {isa = PBXBuildFile; fileRef = 882D4C451AF478B000FFB1E8 /* ofxUITabBar.cpp */; };
		882D4C7E1AF478B000FFB1E8 /* ofxUITextArea.cpp in Sources */ = {isa = PBXBuildFile; fileRef = 882D4C471AF478B000FFB1E8 /* ofxUITextArea.cpp */; };
		882D4C7F1AF478B000FFB1E8 /* ofxUITextInput.cpp in Sources */ = {isa = PBXBuildFile; fileRef = 882D4C491AF478B000FFB1E8 /* ofxUITextInput.cpp */; };
		882D4C801AF478B000FFB1E8 /* ofxUIToggle.cpp in Sources */ = {isa = PBXBuildFile; fileRef = 882D4C4B1AF478B000FFB1E8 /* ofxUIToggle.cpp */; };
		882D4C811AF478B000FFB1E8 /* ofxUIToggleMatrix.cpp in Sources */ = {isa = PBXBuildFile; fileRef = 882D4C4D1AF478B000FFB1E8 /* ofxUIToggleMatrix.cpp */; };
		882D4C821AF478B000FFB1E8 /* ofxUIValuePlotter.cpp in Sources */ = {isa = PBXBuildFile; fileRef = 882D4C501AF478B000FFB1E8 /* ofxUIValuePlotter.cpp */; };
		882D4C831AF478B000FFB1E8 /* ofxUIWaveform.cpp in Sources */ = {isa = PBXBuildFile; fileRef = 882D4C521AF478B000FFB1E8 /* ofxUIWaveform.cpp */; };
		882D4C841AF478B000FFB1E8 /* ofxUIWidget.cpp in Sources */ = {isa = PBXBuildFile; fileRef = 882D4C541AF478B000FFB1E8 /* ofxUIWidget.cpp */; };
		882D4C851AF478B000FFB1E8 /* ofxUIWidgetWithLabel.cpp in Sources */ = {isa = PBXBuildFile; fileRef = 882D4C571AF478B000FFB1E8 /* ofxUIWidgetWithLabel.cpp */; };
		882D4C8F1AF478CE00FFB1E8 /* ofxXmlSettings.cpp in Sources */ = {isa = PBXBuildFile; fileRef = 882D4C881AF478CE00FFB1E8 /* ofxXmlSettings.cpp */; };
		882D4C901AF478CE00FFB1E8 /* tinyxml.cpp in Sources */ = {isa = PBXBuildFile; fileRef = 882D4C8B1AF478CE00FFB1E8 /* tinyxml.cpp */; };
		882D4C911AF478CE00FFB1E8 /* tinyxmlerror.cpp in Sources */ = {isa = PBXBuildFile; fileRef = 882D4C8D1AF478CE00FFB1E8 /* tinyxmlerror.cpp */; };
		882D4C921AF478CE00FFB1E8 /* tinyxmlparser.cpp in Sources */ = {isa = PBXBuildFile; fileRef = 882D4C8E1AF478CE00FFB1E8 /* tinyxmlparser.cpp */; };
		88F918D41AD4405E0045B219 /* ofxPS3EyeGrabber.cpp in Sources */ = {isa = PBXBuildFile; fileRef = 88F918CD1AD4405E0045B219 /* ofxPS3EyeGrabber.cpp */; };
		88F918D51AD4405E0045B219 /* ps3eye.cpp in Sources */ = {isa = PBXBuildFile; fileRef = 88F918D21AD4405E0045B219 /* ps3eye.cpp */; };
		88F918E91AD440640045B219 /* ofxSyphonClient.mm in Sources */ = {isa = PBXBuildFile; fileRef = 88F918DA1AD440640045B219 /* ofxSyphonClient.mm */; };
		88F918EA1AD440640045B219 /* ofxSyphonServer.mm in Sources */ = {isa = PBXBuildFile; fileRef = 88F918DC1AD440640045B219 /* ofxSyphonServer.mm */; };
		88F918EB1AD440640045B219 /* ofxSyphonServerDirectory.mm in Sources */ = {isa = PBXBuildFile; fileRef = 88F918DE1AD440640045B219 /* ofxSyphonServerDirectory.mm */; };
		88F918EC1AD440640045B219 /* Syphon.framework in Frameworks */ = {isa = PBXBuildFile; fileRef = 88F918E31AD440640045B219 /* Syphon.framework */; };
		88F918ED1AD440640045B219 /* Syphon.framework in CopyFiles */ = {isa = PBXBuildFile; fileRef = 88F918E31AD440640045B219 /* Syphon.framework */; settings = {ATTRIBUTES = (CodeSignOnCopy, RemoveHeadersOnCopy, ); }; };
		88F918EE1AD440640045B219 /* SyphonNameboundClient.m in Sources */ = {isa = PBXBuildFile; fileRef = 88F918E61AD440640045B219 /* SyphonNameboundClient.m */; };
		88F9196A1AD443C80045B219 /* ofxKinectExtras.cpp in Sources */ = {isa = PBXBuildFile; fileRef = 88F918F41AD443C80045B219 /* ofxKinectExtras.cpp */; };
		88F9196B1AD443C80045B219 /* ofxKinect.cpp in Sources */ = {isa = PBXBuildFile; fileRef = 88F918F71AD443C80045B219 /* ofxKinect.cpp */; };
		88F9196C1AD443C80045B219 /* audio.c in Sources */ = {isa = PBXBuildFile; fileRef = 88F919461AD443C80045B219 /* audio.c */; };
		88F9196D1AD443C80045B219 /* cameras.c in Sources */ = {isa = PBXBuildFile; fileRef = 88F919471AD443C80045B219 /* cameras.c */; };
		88F9196E1AD443C80045B219 /* core.c in Sources */ = {isa = PBXBuildFile; fileRef = 88F919491AD443C80045B219 /* core.c */; };
		88F9196F1AD443C80045B219 /* flags.c in Sources */ = {isa = PBXBuildFile; fileRef = 88F9194A1AD443C80045B219 /* flags.c */; };
		88F919701AD443C80045B219 /* keep_alive.c in Sources */ = {isa = PBXBuildFile; fileRef = 88F9194D1AD443C80045B219 /* keep_alive.c */; };
		88F919711AD443C80045B219 /* loader.c in Sources */ = {isa = PBXBuildFile; fileRef = 88F9194F1AD443C80045B219 /* loader.c */; };
		88F919721AD443C80045B219 /* registration.c in Sources */ = {isa = PBXBuildFile; fileRef = 88F919511AD443C80045B219 /* registration.c */; };
		88F919731AD443C80045B219 /* tilt.c in Sources */ = {isa = PBXBuildFile; fileRef = 88F919531AD443C80045B219 /* tilt.c */; };
		88F919741AD443C80045B219 /* usb_libusb10.c in Sources */ = {isa = PBXBuildFile; fileRef = 88F919541AD443C80045B219 /* usb_libusb10.c */; };
		88F919751AD443C80045B219 /* usb-1.0.a in Frameworks */ = {isa = PBXBuildFile; fileRef = 88F9195C1AD443C80045B219 /* usb-1.0.a */; };
		BBAB23CB13894F3D00AA2426 /* GLUT.framework in CopyFiles */ = {isa = PBXBuildFile; fileRef = BBAB23BE13894E4700AA2426 /* GLUT.framework */; settings = {ATTRIBUTES = (CodeSignOnCopy, ); }; };
		E4328149138ABC9F0047C5CB /* openFrameworksDebug.a in Frameworks */ = {isa = PBXBuildFile; fileRef = E4328148138ABC890047C5CB /* openFrameworksDebug.a */; };
		E45BE97B0E8CC7DD009D7055 /* AGL.framework in Frameworks */ = {isa = PBXBuildFile; fileRef = E45BE9710E8CC7DD009D7055 /* AGL.framework */; };
		E45BE97C0E8CC7DD009D7055 /* ApplicationServices.framework in Frameworks */ = {isa = PBXBuildFile; fileRef = E45BE9720E8CC7DD009D7055 /* ApplicationServices.framework */; };
		E45BE97D0E8CC7DD009D7055 /* AudioToolbox.framework in Frameworks */ = {isa = PBXBuildFile; fileRef = E45BE9730E8CC7DD009D7055 /* AudioToolbox.framework */; };
		E45BE97F0E8CC7DD009D7055 /* CoreAudio.framework in Frameworks */ = {isa = PBXBuildFile; fileRef = E45BE9750E8CC7DD009D7055 /* CoreAudio.framework */; };
		E45BE9800E8CC7DD009D7055 /* CoreFoundation.framework in Frameworks */ = {isa = PBXBuildFile; fileRef = E45BE9760E8CC7DD009D7055 /* CoreFoundation.framework */; };
		E45BE9810E8CC7DD009D7055 /* CoreServices.framework in Frameworks */ = {isa = PBXBuildFile; fileRef = E45BE9770E8CC7DD009D7055 /* CoreServices.framework */; };
		E45BE9830E8CC7DD009D7055 /* OpenGL.framework in Frameworks */ = {isa = PBXBuildFile; fileRef = E45BE9790E8CC7DD009D7055 /* OpenGL.framework */; };
		E45BE9840E8CC7DD009D7055 /* QuickTime.framework in Frameworks */ = {isa = PBXBuildFile; fileRef = E45BE97A0E8CC7DD009D7055 /* QuickTime.framework */; };
		E4B69E200A3A1BDC003C02F2 /* main.cpp in Sources */ = {isa = PBXBuildFile; fileRef = E4B69E1D0A3A1BDC003C02F2 /* main.cpp */; };
		E4B69E210A3A1BDC003C02F2 /* ofApp.cpp in Sources */ = {isa = PBXBuildFile; fileRef = E4B69E1E0A3A1BDC003C02F2 /* ofApp.cpp */; };
		E4C2424710CC5A17004149E2 /* AppKit.framework in Frameworks */ = {isa = PBXBuildFile; fileRef = E4C2424410CC5A17004149E2 /* AppKit.framework */; };
		E4C2424810CC5A17004149E2 /* Cocoa.framework in Frameworks */ = {isa = PBXBuildFile; fileRef = E4C2424510CC5A17004149E2 /* Cocoa.framework */; };
		E4C2424910CC5A17004149E2 /* IOKit.framework in Frameworks */ = {isa = PBXBuildFile; fileRef = E4C2424610CC5A17004149E2 /* IOKit.framework */; };
		E4EB6799138ADC1D00A09F29 /* GLUT.framework in Frameworks */ = {isa = PBXBuildFile; fileRef = BBAB23BE13894E4700AA2426 /* GLUT.framework */; };
		E7E077E515D3B63C0020DFD4 /* CoreVideo.framework in Frameworks */ = {isa = PBXBuildFile; fileRef = E7E077E415D3B63C0020DFD4 /* CoreVideo.framework */; };
		E7E077E815D3B6510020DFD4 /* QTKit.framework in Frameworks */ = {isa = PBXBuildFile; fileRef = E7E077E715D3B6510020DFD4 /* QTKit.framework */; };
		E7F985F815E0DEA3003869B5 /* Accelerate.framework in Frameworks */ = {isa = PBXBuildFile; fileRef = E7F985F515E0DE99003869B5 /* Accelerate.framework */; };
/* End PBXBuildFile section */

/* Begin PBXContainerItemProxy section */
		E4328147138ABC890047C5CB /* PBXContainerItemProxy */ = {
			isa = PBXContainerItemProxy;
			containerPortal = E4328143138ABC890047C5CB /* openFrameworksLib.xcodeproj */;
			proxyType = 2;
			remoteGlobalIDString = E4B27C1510CBEB8E00536013;
			remoteInfo = openFrameworks;
		};
		E4EEB9AB138B136A00A80321 /* PBXContainerItemProxy */ = {
			isa = PBXContainerItemProxy;
			containerPortal = E4328143138ABC890047C5CB /* openFrameworksLib.xcodeproj */;
			proxyType = 1;
			remoteGlobalIDString = E4B27C1410CBEB8E00536013;
			remoteInfo = openFrameworks;
		};
/* End PBXContainerItemProxy section */

/* Begin PBXCopyFilesBuildPhase section */
		E4C2427710CC5ABF004149E2 /* CopyFiles */ = {
			isa = PBXCopyFilesBuildPhase;
			buildActionMask = 2147483647;
			dstPath = "";
			dstSubfolderSpec = 10;
			files = (
				BBAB23CB13894F3D00AA2426 /* GLUT.framework in CopyFiles */,
				88F918ED1AD440640045B219 /* Syphon.framework in CopyFiles */,
			);
			runOnlyForDeploymentPostprocessing = 0;
		};
/* End PBXCopyFilesBuildPhase section */

/* Begin PBXFileReference section */
		6474CBF019BCE00B003C94E2 /* AVFoundation.framework */ = {isa = PBXFileReference; lastKnownFileType = wrapper.framework; name = AVFoundation.framework; path = System/Library/Frameworks/AVFoundation.framework; sourceTree = SDKROOT; };
		6474CBF119BCE00B003C94E2 /* CoreMedia.framework */ = {isa = PBXFileReference; lastKnownFileType = wrapper.framework; name = CoreMedia.framework; path = System/Library/Frameworks/CoreMedia.framework; sourceTree = SDKROOT; };
		6474CBF219BCE00B003C94E2 /* QuartzCore.framework */ = {isa = PBXFileReference; lastKnownFileType = wrapper.framework; name = QuartzCore.framework; path = System/Library/Frameworks/QuartzCore.framework; sourceTree = SDKROOT; };
		882D4BFC1AF478B000FFB1E8 /* ofxUI.h */ = {isa = PBXFileReference; lastKnownFileType = sourcecode.c.h; path = ofxUI.h; sourceTree = "<group>"; };
		882D4BFD1AF478B000FFB1E8 /* ofxUI2DGraph.cpp */ = {isa = PBXFileReference; lastKnownFileType = sourcecode.cpp.cpp; path = ofxUI2DGraph.cpp; sourceTree = "<group>"; };
		882D4BFE1AF478B000FFB1E8 /* ofxUI2DGraph.h */ = {isa = PBXFileReference; lastKnownFileType = sourcecode.c.h; path = ofxUI2DGraph.h; sourceTree = "<group>"; };
		882D4BFF1AF478B000FFB1E8 /* ofxUI2DPad.cpp */ = {isa = PBXFileReference; lastKnownFileType = sourcecode.cpp.cpp; path = ofxUI2DPad.cpp; sourceTree = "<group>"; };
		882D4C001AF478B000FFB1E8 /* ofxUI2DPad.h */ = {isa = PBXFileReference; lastKnownFileType = sourcecode.c.h; path = ofxUI2DPad.h; sourceTree = "<group>"; };
		882D4C011AF478B000FFB1E8 /* ofxUIBaseDraws.cpp */ = {isa = PBXFileReference; lastKnownFileType = sourcecode.cpp.cpp; path = ofxUIBaseDraws.cpp; sourceTree = "<group>"; };
		882D4C021AF478B000FFB1E8 /* ofxUIBaseDraws.h */ = {isa = PBXFileReference; lastKnownFileType = sourcecode.c.h; path = ofxUIBaseDraws.h; sourceTree = "<group>"; };
		882D4C031AF478B000FFB1E8 /* ofxUIBiLabelSlider.cpp */ = {isa = PBXFileReference; lastKnownFileType = sourcecode.cpp.cpp; path = ofxUIBiLabelSlider.cpp; sourceTree = "<group>"; };
		882D4C041AF478B000FFB1E8 /* ofxUIBiLabelSlider.h */ = {isa = PBXFileReference; lastKnownFileType = sourcecode.c.h; path = ofxUIBiLabelSlider.h; sourceTree = "<group>"; };
		882D4C051AF478B000FFB1E8 /* ofxUIButton.cpp */ = {isa = PBXFileReference; lastKnownFileType = sourcecode.cpp.cpp; path = ofxUIButton.cpp; sourceTree = "<group>"; };
		882D4C061AF478B000FFB1E8 /* ofxUIButton.h */ = {isa = PBXFileReference; lastKnownFileType = sourcecode.c.h; path = ofxUIButton.h; sourceTree = "<group>"; };
		882D4C071AF478B000FFB1E8 /* ofxUICanvas.cpp */ = {isa = PBXFileReference; lastKnownFileType = sourcecode.cpp.cpp; path = ofxUICanvas.cpp; sourceTree = "<group>"; };
		882D4C081AF478B000FFB1E8 /* ofxUICanvas.h */ = {isa = PBXFileReference; lastKnownFileType = sourcecode.c.h; path = ofxUICanvas.h; sourceTree = "<group>"; };
		882D4C091AF478B000FFB1E8 /* ofxUICircleSlider.cpp */ = {isa = PBXFileReference; lastKnownFileType = sourcecode.cpp.cpp; path = ofxUICircleSlider.cpp; sourceTree = "<group>"; };
		882D4C0A1AF478B000FFB1E8 /* ofxUICircleSlider.h */ = {isa = PBXFileReference; lastKnownFileType = sourcecode.c.h; path = ofxUICircleSlider.h; sourceTree = "<group>"; };
		882D4C0B1AF478B000FFB1E8 /* ofxUIDefines.h */ = {isa = PBXFileReference; lastKnownFileType = sourcecode.c.h; path = ofxUIDefines.h; sourceTree = "<group>"; };
		882D4C0C1AF478B000FFB1E8 /* ofxUIDragableLabelButton.cpp */ = {isa = PBXFileReference; lastKnownFileType = sourcecode.cpp.cpp; path = ofxUIDragableLabelButton.cpp; sourceTree = "<group>"; };
		882D4C0D1AF478B000FFB1E8 /* ofxUIDragableLabelButton.h */ = {isa = PBXFileReference; lastKnownFileType = sourcecode.c.h; path = ofxUIDragableLabelButton.h; sourceTree = "<group>"; };
		882D4C0E1AF478B000FFB1E8 /* ofxUIDropDownList.cpp */ = {isa = PBXFileReference; lastKnownFileType = sourcecode.cpp.cpp; path = ofxUIDropDownList.cpp; sourceTree = "<group>"; };
		882D4C0F1AF478B000FFB1E8 /* ofxUIDropDownList.h */ = {isa = PBXFileReference; lastKnownFileType = sourcecode.c.h; path = ofxUIDropDownList.h; sourceTree = "<group>"; };
		882D4C101AF478B000FFB1E8 /* ofxUIEventArgs.cpp */ = {isa = PBXFileReference; lastKnownFileType = sourcecode.cpp.cpp; path = ofxUIEventArgs.cpp; sourceTree = "<group>"; };
		882D4C111AF478B000FFB1E8 /* ofxUIEventArgs.h */ = {isa = PBXFileReference; lastKnownFileType = sourcecode.c.h; path = ofxUIEventArgs.h; sourceTree = "<group>"; };
		882D4C121AF478B000FFB1E8 /* ofxUIFPS.cpp */ = {isa = PBXFileReference; lastKnownFileType = sourcecode.cpp.cpp; path = ofxUIFPS.cpp; sourceTree = "<group>"; };
		882D4C131AF478B000FFB1E8 /* ofxUIFPS.h */ = {isa = PBXFileReference; lastKnownFileType = sourcecode.c.h; path = ofxUIFPS.h; sourceTree = "<group>"; };
		882D4C141AF478B000FFB1E8 /* ofxUIFPSSlider.cpp */ = {isa = PBXFileReference; lastKnownFileType = sourcecode.cpp.cpp; path = ofxUIFPSSlider.cpp; sourceTree = "<group>"; };
		882D4C151AF478B000FFB1E8 /* ofxUIFPSSlider.h */ = {isa = PBXFileReference; lastKnownFileType = sourcecode.c.h; path = ofxUIFPSSlider.h; sourceTree = "<group>"; };
		882D4C161AF478B000FFB1E8 /* ofxUIImage.cpp */ = {isa = PBXFileReference; lastKnownFileType = sourcecode.cpp.cpp; path = ofxUIImage.cpp; sourceTree = "<group>"; };
		882D4C171AF478B000FFB1E8 /* ofxUIImage.h */ = {isa = PBXFileReference; lastKnownFileType = sourcecode.c.h; path = ofxUIImage.h; sourceTree = "<group>"; };
		882D4C181AF478B000FFB1E8 /* ofxUIImageButton.cpp */ = {isa = PBXFileReference; lastKnownFileType = sourcecode.cpp.cpp; path = ofxUIImageButton.cpp; sourceTree = "<group>"; };
		882D4C191AF478B000FFB1E8 /* ofxUIImageButton.h */ = {isa = PBXFileReference; lastKnownFileType = sourcecode.c.h; path = ofxUIImageButton.h; sourceTree = "<group>"; };
		882D4C1A1AF478B000FFB1E8 /* ofxUIImageSampler.cpp */ = {isa = PBXFileReference; lastKnownFileType = sourcecode.cpp.cpp; path = ofxUIImageSampler.cpp; sourceTree = "<group>"; };
		882D4C1B1AF478B000FFB1E8 /* ofxUIImageSampler.h */ = {isa = PBXFileReference; lastKnownFileType = sourcecode.c.h; path = ofxUIImageSampler.h; sourceTree = "<group>"; };
		882D4C1C1AF478B000FFB1E8 /* ofxUIImageSlider.cpp */ = {isa = PBXFileReference; lastKnownFileType = sourcecode.cpp.cpp; path = ofxUIImageSlider.cpp; sourceTree = "<group>"; };
		882D4C1D1AF478B000FFB1E8 /* ofxUIImageSlider.h */ = {isa = PBXFileReference; lastKnownFileType = sourcecode.c.h; path = ofxUIImageSlider.h; sourceTree = "<group>"; };
		882D4C1E1AF478B000FFB1E8 /* ofxUIImageToggle.cpp */ = {isa = PBXFileReference; lastKnownFileType = sourcecode.cpp.cpp; path = ofxUIImageToggle.cpp; sourceTree = "<group>"; };
		882D4C1F1AF478B000FFB1E8 /* ofxUIImageToggle.h */ = {isa = PBXFileReference; lastKnownFileType = sourcecode.c.h; path = ofxUIImageToggle.h; sourceTree = "<group>"; };
		882D4C201AF478B000FFB1E8 /* ofxUILabel.cpp */ = {isa = PBXFileReference; lastKnownFileType = sourcecode.cpp.cpp; path = ofxUILabel.cpp; sourceTree = "<group>"; };
		882D4C211AF478B000FFB1E8 /* ofxUILabel.h */ = {isa = PBXFileReference; lastKnownFileType = sourcecode.c.h; path = ofxUILabel.h; sourceTree = "<group>"; };
		882D4C221AF478B000FFB1E8 /* ofxUILabelButton.cpp */ = {isa = PBXFileReference; lastKnownFileType = sourcecode.cpp.cpp; path = ofxUILabelButton.cpp; sourceTree = "<group>"; };
		882D4C231AF478B000FFB1E8 /* ofxUILabelButton.h */ = {isa = PBXFileReference; lastKnownFileType = sourcecode.c.h; path = ofxUILabelButton.h; sourceTree = "<group>"; };
		882D4C241AF478B000FFB1E8 /* ofxUILabelToggle.cpp */ = {isa = PBXFileReference; lastKnownFileType = sourcecode.cpp.cpp; path = ofxUILabelToggle.cpp; sourceTree = "<group>"; };
		882D4C251AF478B000FFB1E8 /* ofxUILabelToggle.h */ = {isa = PBXFileReference; lastKnownFileType = sourcecode.c.h; path = ofxUILabelToggle.h; sourceTree = "<group>"; };
		882D4C261AF478B000FFB1E8 /* ofxUIMinimalSlider.cpp */ = {isa = PBXFileReference; lastKnownFileType = sourcecode.cpp.cpp; path = ofxUIMinimalSlider.cpp; sourceTree = "<group>"; };
		882D4C271AF478B000FFB1E8 /* ofxUIMinimalSlider.h */ = {isa = PBXFileReference; lastKnownFileType = sourcecode.c.h; path = ofxUIMinimalSlider.h; sourceTree = "<group>"; };
		882D4C281AF478B000FFB1E8 /* ofxUIMovingGraph.cpp */ = {isa = PBXFileReference; lastKnownFileType = sourcecode.cpp.cpp; path = ofxUIMovingGraph.cpp; sourceTree = "<group>"; };
		882D4C291AF478B000FFB1E8 /* ofxUIMovingGraph.h */ = {isa = PBXFileReference; lastKnownFileType = sourcecode.c.h; path = ofxUIMovingGraph.h; sourceTree = "<group>"; };
		882D4C2A1AF478B000FFB1E8 /* ofxUIMultiImageButton.cpp */ = {isa = PBXFileReference; lastKnownFileType = sourcecode.cpp.cpp; path = ofxUIMultiImageButton.cpp; sourceTree = "<group>"; };
		882D4C2B1AF478B000FFB1E8 /* ofxUIMultiImageButton.h */ = {isa = PBXFileReference; lastKnownFileType = sourcecode.c.h; path = ofxUIMultiImageButton.h; sourceTree = "<group>"; };
		882D4C2C1AF478B000FFB1E8 /* ofxUIMultiImageToggle.cpp */ = {isa = PBXFileReference; lastKnownFileType = sourcecode.cpp.cpp; path = ofxUIMultiImageToggle.cpp; sourceTree = "<group>"; };
		882D4C2D1AF478B000FFB1E8 /* ofxUIMultiImageToggle.h */ = {isa = PBXFileReference; lastKnownFileType = sourcecode.c.h; path = ofxUIMultiImageToggle.h; sourceTree = "<group>"; };
		882D4C2E1AF478B000FFB1E8 /* ofxUINumberDialer.cpp */ = {isa = PBXFileReference; lastKnownFileType = sourcecode.cpp.cpp; path = ofxUINumberDialer.cpp; sourceTree = "<group>"; };
		882D4C2F1AF478B000FFB1E8 /* ofxUINumberDialer.h */ = {isa = PBXFileReference; lastKnownFileType = sourcecode.c.h; path = ofxUINumberDialer.h; sourceTree = "<group>"; };
		882D4C301AF478B000FFB1E8 /* ofxUIOFWrapper.h */ = {isa = PBXFileReference; lastKnownFileType = sourcecode.c.h; path = ofxUIOFWrapper.h; sourceTree = "<group>"; };
		882D4C311AF478B000FFB1E8 /* ofxUIRadio.cpp */ = {isa = PBXFileReference; lastKnownFileType = sourcecode.cpp.cpp; path = ofxUIRadio.cpp; sourceTree = "<group>"; };
		882D4C321AF478B000FFB1E8 /* ofxUIRadio.h */ = {isa = PBXFileReference; lastKnownFileType = sourcecode.c.h; path = ofxUIRadio.h; sourceTree = "<group>"; };
		882D4C331AF478B000FFB1E8 /* ofxUIRangeSlider.cpp */ = {isa = PBXFileReference; lastKnownFileType = sourcecode.cpp.cpp; path = ofxUIRangeSlider.cpp; sourceTree = "<group>"; };
		882D4C341AF478B000FFB1E8 /* ofxUIRangeSlider.h */ = {isa = PBXFileReference; lastKnownFileType = sourcecode.c.h; path = ofxUIRangeSlider.h; sourceTree = "<group>"; };
		882D4C351AF478B000FFB1E8 /* ofxUIRectangle.cpp */ = {isa = PBXFileReference; lastKnownFileType = sourcecode.cpp.cpp; path = ofxUIRectangle.cpp; sourceTree = "<group>"; };
		882D4C361AF478B000FFB1E8 /* ofxUIRectangle.h */ = {isa = PBXFileReference; lastKnownFileType = sourcecode.c.h; path = ofxUIRectangle.h; sourceTree = "<group>"; };
		882D4C371AF478B000FFB1E8 /* ofxUIRotarySlider.cpp */ = {isa = PBXFileReference; lastKnownFileType = sourcecode.cpp.cpp; path = ofxUIRotarySlider.cpp; sourceTree = "<group>"; };
		882D4C381AF478B000FFB1E8 /* ofxUIRotarySlider.h */ = {isa = PBXFileReference; lastKnownFileType = sourcecode.c.h; path = ofxUIRotarySlider.h; sourceTree = "<group>"; };
		882D4C391AF478B000FFB1E8 /* ofxUIScrollableCanvas.cpp */ = {isa = PBXFileReference; lastKnownFileType = sourcecode.cpp.cpp; path = ofxUIScrollableCanvas.cpp; sourceTree = "<group>"; };
		882D4C3A1AF478B000FFB1E8 /* ofxUIScrollableCanvas.h */ = {isa = PBXFileReference; lastKnownFileType = sourcecode.c.h; path = ofxUIScrollableCanvas.h; sourceTree = "<group>"; };
		882D4C3B1AF478B000FFB1E8 /* ofxUISlider.cpp */ = {isa = PBXFileReference; lastKnownFileType = sourcecode.cpp.cpp; path = ofxUISlider.cpp; sourceTree = "<group>"; };
		882D4C3C1AF478B000FFB1E8 /* ofxUISlider.h */ = {isa = PBXFileReference; lastKnownFileType = sourcecode.c.h; path = ofxUISlider.h; sourceTree = "<group>"; };
		882D4C3D1AF478B000FFB1E8 /* ofxUISortableList.cpp */ = {isa = PBXFileReference; lastKnownFileType = sourcecode.cpp.cpp; path = ofxUISortableList.cpp; sourceTree = "<group>"; };
		882D4C3E1AF478B000FFB1E8 /* ofxUISortableList.h */ = {isa = PBXFileReference; lastKnownFileType = sourcecode.c.h; path = ofxUISortableList.h; sourceTree = "<group>"; };
		882D4C3F1AF478B000FFB1E8 /* ofxUISpacer.cpp */ = {isa = PBXFileReference; lastKnownFileType = sourcecode.cpp.cpp; path = ofxUISpacer.cpp; sourceTree = "<group>"; };
		882D4C401AF478B000FFB1E8 /* ofxUISpacer.h */ = {isa = PBXFileReference; lastKnownFileType = sourcecode.c.h; path = ofxUISpacer.h; sourceTree = "<group>"; };
		882D4C411AF478B000FFB1E8 /* ofxUISpectrum.cpp */ = {isa = PBXFileReference; lastKnownFileType = sourcecode.cpp.cpp; path = ofxUISpectrum.cpp; sourceTree = "<group>"; };
		882D4C421AF478B000FFB1E8 /* ofxUISpectrum.h */ = {isa = PBXFileReference; lastKnownFileType = sourcecode.c.h; path = ofxUISpectrum.h; sourceTree = "<group>"; };
		882D4C431AF478B000FFB1E8 /* ofxUISuperCanvas.cpp */ = {isa = PBXFileReference; lastKnownFileType = sourcecode.cpp.cpp; path = ofxUISuperCanvas.cpp; sourceTree = "<group>"; };
		882D4C441AF478B000FFB1E8 /* ofxUISuperCanvas.h */ = {isa = PBXFileReference; lastKnownFileType = sourcecode.c.h; path = ofxUISuperCanvas.h; sourceTree = "<group>"; };
		882D4C451AF478B000FFB1E8 /* ofxUITabBar.cpp */ = {isa = PBXFileReference; lastKnownFileType = sourcecode.cpp.cpp; path = ofxUITabBar.cpp; sourceTree = "<group>"; };
		882D4C461AF478B000FFB1E8 /* ofxUITabBar.h */ = {isa = PBXFileReference; lastKnownFileType = sourcecode.c.h; path = ofxUITabBar.h; sourceTree = "<group>"; };
		882D4C471AF478B000FFB1E8 /* ofxUITextArea.cpp */ = {isa = PBXFileReference; lastKnownFileType = sourcecode.cpp.cpp; path = ofxUITextArea.cpp; sourceTree = "<group>"; };
		882D4C481AF478B000FFB1E8 /* ofxUITextArea.h */ = {isa = PBXFileReference; lastKnownFileType = sourcecode.c.h; path = ofxUITextArea.h; sourceTree = "<group>"; };
		882D4C491AF478B000FFB1E8 /* ofxUITextInput.cpp */ = {isa = PBXFileReference; lastKnownFileType = sourcecode.cpp.cpp; path = ofxUITextInput.cpp; sourceTree = "<group>"; };
		882D4C4A1AF478B000FFB1E8 /* ofxUITextInput.h */ = {isa = PBXFileReference; lastKnownFileType = sourcecode.c.h; path = ofxUITextInput.h; sourceTree = "<group>"; };
		882D4C4B1AF478B000FFB1E8 /* ofxUIToggle.cpp */ = {isa = PBXFileReference; lastKnownFileType = sourcecode.cpp.cpp; path = ofxUIToggle.cpp; sourceTree = "<group>"; };
		882D4C4C1AF478B000FFB1E8 /* ofxUIToggle.h */ = {isa = PBXFileReference; lastKnownFileType = sourcecode.c.h; path = ofxUIToggle.h; sourceTree = "<group>"; };
		882D4C4D1AF478B000FFB1E8 /* ofxUIToggleMatrix.cpp */ = {isa = PBXFileReference; lastKnownFileType = sourcecode.cpp.cpp; path = ofxUIToggleMatrix.cpp; sourceTree = "<group>"; };
		882D4C4E1AF478B000FFB1E8 /* ofxUIToggleMatrix.h */ = {isa = PBXFileReference; lastKnownFileType = sourcecode.c.h; path = ofxUIToggleMatrix.h; sourceTree = "<group>"; };
		882D4C4F1AF478B000FFB1E8 /* ofxUIUtils.h */ = {isa = PBXFileReference; lastKnownFileType = sourcecode.c.h; path = ofxUIUtils.h; sourceTree = "<group>"; };
		882D4C501AF478B000FFB1E8 /* ofxUIValuePlotter.cpp */ = {isa = PBXFileReference; lastKnownFileType = sourcecode.cpp.cpp; path = ofxUIValuePlotter.cpp; sourceTree = "<group>"; };
		882D4C511AF478B000FFB1E8 /* ofxUIValuePlotter.h */ = {isa = PBXFileReference; lastKnownFileType = sourcecode.c.h; path = ofxUIValuePlotter.h; sourceTree = "<group>"; };
		882D4C521AF478B000FFB1E8 /* ofxUIWaveform.cpp */ = {isa = PBXFileReference; lastKnownFileType = sourcecode.cpp.cpp; path = ofxUIWaveform.cpp; sourceTree = "<group>"; };
		882D4C531AF478B000FFB1E8 /* ofxUIWaveform.h */ = {isa = PBXFileReference; lastKnownFileType = sourcecode.c.h; path = ofxUIWaveform.h; sourceTree = "<group>"; };
		882D4C541AF478B000FFB1E8 /* ofxUIWidget.cpp */ = {isa = PBXFileReference; lastKnownFileType = sourcecode.cpp.cpp; path = ofxUIWidget.cpp; sourceTree = "<group>"; };
		882D4C551AF478B000FFB1E8 /* ofxUIWidget.h */ = {isa = PBXFileReference; lastKnownFileType = sourcecode.c.h; path = ofxUIWidget.h; sourceTree = "<group>"; };
		882D4C561AF478B000FFB1E8 /* ofxUIWidgets.h */ = {isa = PBXFileReference; lastKnownFileType = sourcecode.c.h; path = ofxUIWidgets.h; sourceTree = "<group>"; };
		882D4C571AF478B000FFB1E8 /* ofxUIWidgetWithLabel.cpp */ = {isa = PBXFileReference; lastKnownFileType = sourcecode.cpp.cpp; path = ofxUIWidgetWithLabel.cpp; sourceTree = "<group>"; };
		882D4C581AF478B000FFB1E8 /* ofxUIWidgetWithLabel.h */ = {isa = PBXFileReference; lastKnownFileType = sourcecode.c.h; path = ofxUIWidgetWithLabel.h; sourceTree = "<group>"; };
		882D4C591AF478B000FFB1E8 /* ofxUIWrapper.h */ = {isa = PBXFileReference; lastKnownFileType = sourcecode.c.h; path = ofxUIWrapper.h; sourceTree = "<group>"; };
		882D4C881AF478CE00FFB1E8 /* ofxXmlSettings.cpp */ = {isa = PBXFileReference; lastKnownFileType = sourcecode.cpp.cpp; path = ofxXmlSettings.cpp; sourceTree = "<group>"; };
		882D4C891AF478CE00FFB1E8 /* ofxXmlSettings.h */ = {isa = PBXFileReference; lastKnownFileType = sourcecode.c.h; path = ofxXmlSettings.h; sourceTree = "<group>"; };
		882D4C8B1AF478CE00FFB1E8 /* tinyxml.cpp */ = {isa = PBXFileReference; lastKnownFileType = sourcecode.cpp.cpp; path = tinyxml.cpp; sourceTree = "<group>"; };
		882D4C8C1AF478CE00FFB1E8 /* tinyxml.h */ = {isa = PBXFileReference; lastKnownFileType = sourcecode.c.h; path = tinyxml.h; sourceTree = "<group>"; };
		882D4C8D1AF478CE00FFB1E8 /* tinyxmlerror.cpp */ = {isa = PBXFileReference; lastKnownFileType = sourcecode.cpp.cpp; path = tinyxmlerror.cpp; sourceTree = "<group>"; };
		882D4C8E1AF478CE00FFB1E8 /* tinyxmlparser.cpp */ = {isa = PBXFileReference; lastKnownFileType = sourcecode.cpp.cpp; path = tinyxmlparser.cpp; sourceTree = "<group>"; };
		88F918CD1AD4405E0045B219 /* ofxPS3EyeGrabber.cpp */ = {isa = PBXFileReference; lastKnownFileType = sourcecode.cpp.cpp; path = ofxPS3EyeGrabber.cpp; sourceTree = "<group>"; };
		88F918CE1AD4405E0045B219 /* ofxPS3EyeGrabber.h */ = {isa = PBXFileReference; lastKnownFileType = sourcecode.c.h; path = ofxPS3EyeGrabber.h; sourceTree = "<group>"; };
		88F918D21AD4405E0045B219 /* ps3eye.cpp */ = {isa = PBXFileReference; lastKnownFileType = sourcecode.cpp.cpp; path = ps3eye.cpp; sourceTree = "<group>"; };
		88F918D31AD4405E0045B219 /* ps3eye.h */ = {isa = PBXFileReference; lastKnownFileType = sourcecode.c.h; path = ps3eye.h; sourceTree = "<group>"; };
		88F918D81AD440640045B219 /* ofxSyphon.h */ = {isa = PBXFileReference; lastKnownFileType = sourcecode.c.h; path = ofxSyphon.h; sourceTree = "<group>"; };
		88F918D91AD440640045B219 /* ofxSyphonClient.h */ = {isa = PBXFileReference; lastKnownFileType = sourcecode.c.h; path = ofxSyphonClient.h; sourceTree = "<group>"; };
		88F918DA1AD440640045B219 /* ofxSyphonClient.mm */ = {isa = PBXFileReference; lastKnownFileType = sourcecode.cpp.objcpp; path = ofxSyphonClient.mm; sourceTree = "<group>"; };
		88F918DB1AD440640045B219 /* ofxSyphonServer.h */ = {isa = PBXFileReference; lastKnownFileType = sourcecode.c.h; path = ofxSyphonServer.h; sourceTree = "<group>"; };
		88F918DC1AD440640045B219 /* ofxSyphonServer.mm */ = {isa = PBXFileReference; lastKnownFileType = sourcecode.cpp.objcpp; path = ofxSyphonServer.mm; sourceTree = "<group>"; };
		88F918DD1AD440640045B219 /* ofxSyphonServerDirectory.h */ = {isa = PBXFileReference; lastKnownFileType = sourcecode.c.h; path = ofxSyphonServerDirectory.h; sourceTree = "<group>"; };
		88F918DE1AD440640045B219 /* ofxSyphonServerDirectory.mm */ = {isa = PBXFileReference; lastKnownFileType = sourcecode.cpp.objcpp; path = ofxSyphonServerDirectory.mm; sourceTree = "<group>"; };
		88F918E31AD440640045B219 /* Syphon.framework */ = {isa = PBXFileReference; lastKnownFileType = wrapper.framework; path = Syphon.framework; sourceTree = "<group>"; };
		88F918E51AD440640045B219 /* SyphonNameboundClient.h */ = {isa = PBXFileReference; lastKnownFileType = sourcecode.c.h; path = SyphonNameboundClient.h; sourceTree = "<group>"; };
		88F918E61AD440640045B219 /* SyphonNameboundClient.m */ = {isa = PBXFileReference; lastKnownFileType = sourcecode.c.objc; path = SyphonNameboundClient.m; sourceTree = "<group>"; };
		88F918F41AD443C80045B219 /* ofxKinectExtras.cpp */ = {isa = PBXFileReference; lastKnownFileType = sourcecode.cpp.cpp; path = ofxKinectExtras.cpp; sourceTree = "<group>"; };
		88F918F51AD443C80045B219 /* ofxKinectExtras.h */ = {isa = PBXFileReference; lastKnownFileType = sourcecode.c.h; path = ofxKinectExtras.h; sourceTree = "<group>"; };
		88F918F61AD443C80045B219 /* ofxBase3DVideo.h */ = {isa = PBXFileReference; lastKnownFileType = sourcecode.c.h; path = ofxBase3DVideo.h; sourceTree = "<group>"; };
		88F918F71AD443C80045B219 /* ofxKinect.cpp */ = {isa = PBXFileReference; lastKnownFileType = sourcecode.cpp.cpp; path = ofxKinect.cpp; sourceTree = "<group>"; };
		88F918F81AD443C80045B219 /* ofxKinect.h */ = {isa = PBXFileReference; lastKnownFileType = sourcecode.c.h; path = ofxKinect.h; sourceTree = "<group>"; };
		88F918FB1AD443C80045B219 /* APACHE20 */ = {isa = PBXFileReference; lastKnownFileType = text; path = APACHE20; sourceTree = "<group>"; };
		88F918FC1AD443C80045B219 /* CONTRIB */ = {isa = PBXFileReference; lastKnownFileType = text; path = CONTRIB; sourceTree = "<group>"; };
		88F918FD1AD443C80045B219 /* GPL2 */ = {isa = PBXFileReference; lastKnownFileType = text; path = GPL2; sourceTree = "<group>"; };
		88F918FF1AD443C80045B219 /* libfreenect.h */ = {isa = PBXFileReference; lastKnownFileType = sourcecode.c.h; path = libfreenect.h; sourceTree = "<group>"; };
		88F919001AD443C80045B219 /* libfreenect_audio.h */ = {isa = PBXFileReference; lastKnownFileType = sourcecode.c.h; path = libfreenect_audio.h; sourceTree = "<group>"; };
		88F919011AD443C80045B219 /* libfreenect_registration.h */ = {isa = PBXFileReference; lastKnownFileType = sourcecode.c.h; path = libfreenect_registration.h; sourceTree = "<group>"; };
		88F919461AD443C80045B219 /* audio.c */ = {isa = PBXFileReference; lastKnownFileType = sourcecode.c.c; path = audio.c; sourceTree = "<group>"; };
		88F919471AD443C80045B219 /* cameras.c */ = {isa = PBXFileReference; lastKnownFileType = sourcecode.c.c; path = cameras.c; sourceTree = "<group>"; };
		88F919481AD443C80045B219 /* cameras.h */ = {isa = PBXFileReference; lastKnownFileType = sourcecode.c.h; path = cameras.h; sourceTree = "<group>"; };
		88F919491AD443C80045B219 /* core.c */ = {isa = PBXFileReference; lastKnownFileType = sourcecode.c.c; path = core.c; sourceTree = "<group>"; };
		88F9194A1AD443C80045B219 /* flags.c */ = {isa = PBXFileReference; lastKnownFileType = sourcecode.c.c; path = flags.c; sourceTree = "<group>"; };
		88F9194B1AD443C80045B219 /* flags.h */ = {isa = PBXFileReference; lastKnownFileType = sourcecode.c.h; path = flags.h; sourceTree = "<group>"; };
		88F9194C1AD443C80045B219 /* freenect_internal.h */ = {isa = PBXFileReference; lastKnownFileType = sourcecode.c.h; path = freenect_internal.h; sourceTree = "<group>"; };
		88F9194D1AD443C80045B219 /* keep_alive.c */ = {isa = PBXFileReference; lastKnownFileType = sourcecode.c.c; path = keep_alive.c; sourceTree = "<group>"; };
		88F9194E1AD443C80045B219 /* keep_alive.h */ = {isa = PBXFileReference; lastKnownFileType = sourcecode.c.h; path = keep_alive.h; sourceTree = "<group>"; };
		88F9194F1AD443C80045B219 /* loader.c */ = {isa = PBXFileReference; lastKnownFileType = sourcecode.c.c; path = loader.c; sourceTree = "<group>"; };
		88F919501AD443C80045B219 /* loader.h */ = {isa = PBXFileReference; lastKnownFileType = sourcecode.c.h; path = loader.h; sourceTree = "<group>"; };
		88F919511AD443C80045B219 /* registration.c */ = {isa = PBXFileReference; lastKnownFileType = sourcecode.c.c; path = registration.c; sourceTree = "<group>"; };
		88F919521AD443C80045B219 /* registration.h */ = {isa = PBXFileReference; lastKnownFileType = sourcecode.c.h; path = registration.h; sourceTree = "<group>"; };
		88F919531AD443C80045B219 /* tilt.c */ = {isa = PBXFileReference; lastKnownFileType = sourcecode.c.c; path = tilt.c; sourceTree = "<group>"; };
		88F919541AD443C80045B219 /* usb_libusb10.c */ = {isa = PBXFileReference; lastKnownFileType = sourcecode.c.c; path = usb_libusb10.c; sourceTree = "<group>"; };
		88F919551AD443C80045B219 /* usb_libusb10.h */ = {isa = PBXFileReference; lastKnownFileType = sourcecode.c.h; path = usb_libusb10.h; sourceTree = "<group>"; };
		88F919591AD443C80045B219 /* libusb.h */ = {isa = PBXFileReference; lastKnownFileType = sourcecode.c.h; path = libusb.h; sourceTree = "<group>"; };
		88F9195C1AD443C80045B219 /* usb-1.0.a */ = {isa = PBXFileReference; lastKnownFileType = archive.ar; path = "usb-1.0.a"; sourceTree = "<group>"; };
		BBAB23BE13894E4700AA2426 /* GLUT.framework */ = {isa = PBXFileReference; lastKnownFileType = wrapper.framework; name = GLUT.framework; path = ../../../libs/glut/lib/osx/GLUT.framework; sourceTree = "<group>"; };
		E4328143138ABC890047C5CB /* openFrameworksLib.xcodeproj */ = {isa = PBXFileReference; lastKnownFileType = "wrapper.pb-project"; name = openFrameworksLib.xcodeproj; path = ../../../libs/openFrameworksCompiled/project/osx/openFrameworksLib.xcodeproj; sourceTree = SOURCE_ROOT; };
		E45BE9710E8CC7DD009D7055 /* AGL.framework */ = {isa = PBXFileReference; lastKnownFileType = wrapper.framework; name = AGL.framework; path = /System/Library/Frameworks/AGL.framework; sourceTree = "<absolute>"; };
		E45BE9720E8CC7DD009D7055 /* ApplicationServices.framework */ = {isa = PBXFileReference; lastKnownFileType = wrapper.framework; name = ApplicationServices.framework; path = /System/Library/Frameworks/ApplicationServices.framework; sourceTree = "<absolute>"; };
		E45BE9730E8CC7DD009D7055 /* AudioToolbox.framework */ = {isa = PBXFileReference; lastKnownFileType = wrapper.framework; name = AudioToolbox.framework; path = /System/Library/Frameworks/AudioToolbox.framework; sourceTree = "<absolute>"; };
		E45BE9750E8CC7DD009D7055 /* CoreAudio.framework */ = {isa = PBXFileReference; lastKnownFileType = wrapper.framework; name = CoreAudio.framework; path = /System/Library/Frameworks/CoreAudio.framework; sourceTree = "<absolute>"; };
		E45BE9760E8CC7DD009D7055 /* CoreFoundation.framework */ = {isa = PBXFileReference; lastKnownFileType = wrapper.framework; name = CoreFoundation.framework; path = /System/Library/Frameworks/CoreFoundation.framework; sourceTree = "<absolute>"; };
		E45BE9770E8CC7DD009D7055 /* CoreServices.framework */ = {isa = PBXFileReference; lastKnownFileType = wrapper.framework; name = CoreServices.framework; path = /System/Library/Frameworks/CoreServices.framework; sourceTree = "<absolute>"; };
		E45BE9790E8CC7DD009D7055 /* OpenGL.framework */ = {isa = PBXFileReference; lastKnownFileType = wrapper.framework; name = OpenGL.framework; path = /System/Library/Frameworks/OpenGL.framework; sourceTree = "<absolute>"; };
		E45BE97A0E8CC7DD009D7055 /* QuickTime.framework */ = {isa = PBXFileReference; lastKnownFileType = wrapper.framework; name = QuickTime.framework; path = /System/Library/Frameworks/QuickTime.framework; sourceTree = "<absolute>"; };
		E4B69B5B0A3A1756003C02F2 /* eyeSyphonDebug.app */ = {isa = PBXFileReference; explicitFileType = wrapper.application; includeInIndex = 0; path = eyeSyphonDebug.app; sourceTree = BUILT_PRODUCTS_DIR; };
		E4B69E1D0A3A1BDC003C02F2 /* main.cpp */ = {isa = PBXFileReference; fileEncoding = 30; lastKnownFileType = sourcecode.cpp.cpp; name = main.cpp; path = src/main.cpp; sourceTree = SOURCE_ROOT; };
		E4B69E1E0A3A1BDC003C02F2 /* ofApp.cpp */ = {isa = PBXFileReference; explicitFileType = sourcecode.cpp.cpp; fileEncoding = 30; name = ofApp.cpp; path = src/ofApp.cpp; sourceTree = SOURCE_ROOT; };
		E4B69E1F0A3A1BDC003C02F2 /* ofApp.h */ = {isa = PBXFileReference; fileEncoding = 30; lastKnownFileType = sourcecode.c.h; name = ofApp.h; path = src/ofApp.h; sourceTree = SOURCE_ROOT; };
		E4B6FCAD0C3E899E008CF71C /* openFrameworks-Info.plist */ = {isa = PBXFileReference; fileEncoding = 30; lastKnownFileType = text.plist.xml; path = "openFrameworks-Info.plist"; sourceTree = "<group>"; };
		E4C2424410CC5A17004149E2 /* AppKit.framework */ = {isa = PBXFileReference; lastKnownFileType = wrapper.framework; name = AppKit.framework; path = /System/Library/Frameworks/AppKit.framework; sourceTree = "<absolute>"; };
		E4C2424510CC5A17004149E2 /* Cocoa.framework */ = {isa = PBXFileReference; lastKnownFileType = wrapper.framework; name = Cocoa.framework; path = /System/Library/Frameworks/Cocoa.framework; sourceTree = "<absolute>"; };
		E4C2424610CC5A17004149E2 /* IOKit.framework */ = {isa = PBXFileReference; lastKnownFileType = wrapper.framework; name = IOKit.framework; path = /System/Library/Frameworks/IOKit.framework; sourceTree = "<absolute>"; };
		E4EB691F138AFCF100A09F29 /* CoreOF.xcconfig */ = {isa = PBXFileReference; fileEncoding = 4; lastKnownFileType = text.xcconfig; name = CoreOF.xcconfig; path = ../../../libs/openFrameworksCompiled/project/osx/CoreOF.xcconfig; sourceTree = SOURCE_ROOT; };
		E4EB6923138AFD0F00A09F29 /* Project.xcconfig */ = {isa = PBXFileReference; fileEncoding = 4; lastKnownFileType = text.xcconfig; path = Project.xcconfig; sourceTree = "<group>"; };
		E7E077E415D3B63C0020DFD4 /* CoreVideo.framework */ = {isa = PBXFileReference; lastKnownFileType = wrapper.framework; name = CoreVideo.framework; path = /System/Library/Frameworks/CoreVideo.framework; sourceTree = "<absolute>"; };
		E7E077E715D3B6510020DFD4 /* QTKit.framework */ = {isa = PBXFileReference; lastKnownFileType = wrapper.framework; name = QTKit.framework; path = /System/Library/Frameworks/QTKit.framework; sourceTree = "<absolute>"; };
		E7F985F515E0DE99003869B5 /* Accelerate.framework */ = {isa = PBXFileReference; lastKnownFileType = wrapper.framework; name = Accelerate.framework; path = /System/Library/Frameworks/Accelerate.framework; sourceTree = "<absolute>"; };
/* End PBXFileReference section */

/* Begin PBXFrameworksBuildPhase section */
		E4B69B590A3A1756003C02F2 /* Frameworks */ = {
			isa = PBXFrameworksBuildPhase;
			buildActionMask = 2147483647;
			files = (
				6474CBF619BCE019003C94E2 /* AVFoundation.framework in Frameworks */,
				6474CBF719BCE019003C94E2 /* CoreMedia.framework in Frameworks */,
				6474CBF819BCE019003C94E2 /* QuartzCore.framework in Frameworks */,
				E7F985F815E0DEA3003869B5 /* Accelerate.framework in Frameworks */,
				E7E077E815D3B6510020DFD4 /* QTKit.framework in Frameworks */,
				E4EB6799138ADC1D00A09F29 /* GLUT.framework in Frameworks */,
				E4328149138ABC9F0047C5CB /* openFrameworksDebug.a in Frameworks */,
				E45BE97B0E8CC7DD009D7055 /* AGL.framework in Frameworks */,
				E45BE97C0E8CC7DD009D7055 /* ApplicationServices.framework in Frameworks */,
				E45BE97D0E8CC7DD009D7055 /* AudioToolbox.framework in Frameworks */,
				E45BE97F0E8CC7DD009D7055 /* CoreAudio.framework in Frameworks */,
				E45BE9800E8CC7DD009D7055 /* CoreFoundation.framework in Frameworks */,
				E45BE9810E8CC7DD009D7055 /* CoreServices.framework in Frameworks */,
				88F918EC1AD440640045B219 /* Syphon.framework in Frameworks */,
				E45BE9830E8CC7DD009D7055 /* OpenGL.framework in Frameworks */,
				E45BE9840E8CC7DD009D7055 /* QuickTime.framework in Frameworks */,
				E4C2424710CC5A17004149E2 /* AppKit.framework in Frameworks */,
				E4C2424810CC5A17004149E2 /* Cocoa.framework in Frameworks */,
				E4C2424910CC5A17004149E2 /* IOKit.framework in Frameworks */,
				E7E077E515D3B63C0020DFD4 /* CoreVideo.framework in Frameworks */,
				88F919751AD443C80045B219 /* usb-1.0.a in Frameworks */,
			);
			runOnlyForDeploymentPostprocessing = 0;
		};
/* End PBXFrameworksBuildPhase section */

/* Begin PBXGroup section */
		882D4BFA1AF478B000FFB1E8 /* ofxUI */ = {
			isa = PBXGroup;
			children = (
				882D4BFB1AF478B000FFB1E8 /* src */,
			);
			name = ofxUI;
			sourceTree = "<group>";
		};
		882D4BFB1AF478B000FFB1E8 /* src */ = {
			isa = PBXGroup;
			children = (
				882D4BFC1AF478B000FFB1E8 /* ofxUI.h */,
				882D4BFD1AF478B000FFB1E8 /* ofxUI2DGraph.cpp */,
				882D4BFE1AF478B000FFB1E8 /* ofxUI2DGraph.h */,
				882D4BFF1AF478B000FFB1E8 /* ofxUI2DPad.cpp */,
				882D4C001AF478B000FFB1E8 /* ofxUI2DPad.h */,
				882D4C011AF478B000FFB1E8 /* ofxUIBaseDraws.cpp */,
				882D4C021AF478B000FFB1E8 /* ofxUIBaseDraws.h */,
				882D4C031AF478B000FFB1E8 /* ofxUIBiLabelSlider.cpp */,
				882D4C041AF478B000FFB1E8 /* ofxUIBiLabelSlider.h */,
				882D4C051AF478B000FFB1E8 /* ofxUIButton.cpp */,
				882D4C061AF478B000FFB1E8 /* ofxUIButton.h */,
				882D4C071AF478B000FFB1E8 /* ofxUICanvas.cpp */,
				882D4C081AF478B000FFB1E8 /* ofxUICanvas.h */,
				882D4C091AF478B000FFB1E8 /* ofxUICircleSlider.cpp */,
				882D4C0A1AF478B000FFB1E8 /* ofxUICircleSlider.h */,
				882D4C0B1AF478B000FFB1E8 /* ofxUIDefines.h */,
				882D4C0C1AF478B000FFB1E8 /* ofxUIDragableLabelButton.cpp */,
				882D4C0D1AF478B000FFB1E8 /* ofxUIDragableLabelButton.h */,
				882D4C0E1AF478B000FFB1E8 /* ofxUIDropDownList.cpp */,
				882D4C0F1AF478B000FFB1E8 /* ofxUIDropDownList.h */,
				882D4C101AF478B000FFB1E8 /* ofxUIEventArgs.cpp */,
				882D4C111AF478B000FFB1E8 /* ofxUIEventArgs.h */,
				882D4C121AF478B000FFB1E8 /* ofxUIFPS.cpp */,
				882D4C131AF478B000FFB1E8 /* ofxUIFPS.h */,
				882D4C141AF478B000FFB1E8 /* ofxUIFPSSlider.cpp */,
				882D4C151AF478B000FFB1E8 /* ofxUIFPSSlider.h */,
				882D4C161AF478B000FFB1E8 /* ofxUIImage.cpp */,
				882D4C171AF478B000FFB1E8 /* ofxUIImage.h */,
				882D4C181AF478B000FFB1E8 /* ofxUIImageButton.cpp */,
				882D4C191AF478B000FFB1E8 /* ofxUIImageButton.h */,
				882D4C1A1AF478B000FFB1E8 /* ofxUIImageSampler.cpp */,
				882D4C1B1AF478B000FFB1E8 /* ofxUIImageSampler.h */,
				882D4C1C1AF478B000FFB1E8 /* ofxUIImageSlider.cpp */,
				882D4C1D1AF478B000FFB1E8 /* ofxUIImageSlider.h */,
				882D4C1E1AF478B000FFB1E8 /* ofxUIImageToggle.cpp */,
				882D4C1F1AF478B000FFB1E8 /* ofxUIImageToggle.h */,
				882D4C201AF478B000FFB1E8 /* ofxUILabel.cpp */,
				882D4C211AF478B000FFB1E8 /* ofxUILabel.h */,
				882D4C221AF478B000FFB1E8 /* ofxUILabelButton.cpp */,
				882D4C231AF478B000FFB1E8 /* ofxUILabelButton.h */,
				882D4C241AF478B000FFB1E8 /* ofxUILabelToggle.cpp */,
				882D4C251AF478B000FFB1E8 /* ofxUILabelToggle.h */,
				882D4C261AF478B000FFB1E8 /* ofxUIMinimalSlider.cpp */,
				882D4C271AF478B000FFB1E8 /* ofxUIMinimalSlider.h */,
				882D4C281AF478B000FFB1E8 /* ofxUIMovingGraph.cpp */,
				882D4C291AF478B000FFB1E8 /* ofxUIMovingGraph.h */,
				882D4C2A1AF478B000FFB1E8 /* ofxUIMultiImageButton.cpp */,
				882D4C2B1AF478B000FFB1E8 /* ofxUIMultiImageButton.h */,
				882D4C2C1AF478B000FFB1E8 /* ofxUIMultiImageToggle.cpp */,
				882D4C2D1AF478B000FFB1E8 /* ofxUIMultiImageToggle.h */,
				882D4C2E1AF478B000FFB1E8 /* ofxUINumberDialer.cpp */,
				882D4C2F1AF478B000FFB1E8 /* ofxUINumberDialer.h */,
				882D4C301AF478B000FFB1E8 /* ofxUIOFWrapper.h */,
				882D4C311AF478B000FFB1E8 /* ofxUIRadio.cpp */,
				882D4C321AF478B000FFB1E8 /* ofxUIRadio.h */,
				882D4C331AF478B000FFB1E8 /* ofxUIRangeSlider.cpp */,
				882D4C341AF478B000FFB1E8 /* ofxUIRangeSlider.h */,
				882D4C351AF478B000FFB1E8 /* ofxUIRectangle.cpp */,
				882D4C361AF478B000FFB1E8 /* ofxUIRectangle.h */,
				882D4C371AF478B000FFB1E8 /* ofxUIRotarySlider.cpp */,
				882D4C381AF478B000FFB1E8 /* ofxUIRotarySlider.h */,
				882D4C391AF478B000FFB1E8 /* ofxUIScrollableCanvas.cpp */,
				882D4C3A1AF478B000FFB1E8 /* ofxUIScrollableCanvas.h */,
				882D4C3B1AF478B000FFB1E8 /* ofxUISlider.cpp */,
				882D4C3C1AF478B000FFB1E8 /* ofxUISlider.h */,
				882D4C3D1AF478B000FFB1E8 /* ofxUISortableList.cpp */,
				882D4C3E1AF478B000FFB1E8 /* ofxUISortableList.h */,
				882D4C3F1AF478B000FFB1E8 /* ofxUISpacer.cpp */,
				882D4C401AF478B000FFB1E8 /* ofxUISpacer.h */,
				882D4C411AF478B000FFB1E8 /* ofxUISpectrum.cpp */,
				882D4C421AF478B000FFB1E8 /* ofxUISpectrum.h */,
				882D4C431AF478B000FFB1E8 /* ofxUISuperCanvas.cpp */,
				882D4C441AF478B000FFB1E8 /* ofxUISuperCanvas.h */,
				882D4C451AF478B000FFB1E8 /* ofxUITabBar.cpp */,
				882D4C461AF478B000FFB1E8 /* ofxUITabBar.h */,
				882D4C471AF478B000FFB1E8 /* ofxUITextArea.cpp */,
				882D4C481AF478B000FFB1E8 /* ofxUITextArea.h */,
				882D4C491AF478B000FFB1E8 /* ofxUITextInput.cpp */,
				882D4C4A1AF478B000FFB1E8 /* ofxUITextInput.h */,
				882D4C4B1AF478B000FFB1E8 /* ofxUIToggle.cpp */,
				882D4C4C1AF478B000FFB1E8 /* ofxUIToggle.h */,
				882D4C4D1AF478B000FFB1E8 /* ofxUIToggleMatrix.cpp */,
				882D4C4E1AF478B000FFB1E8 /* ofxUIToggleMatrix.h */,
				882D4C4F1AF478B000FFB1E8 /* ofxUIUtils.h */,
				882D4C501AF478B000FFB1E8 /* ofxUIValuePlotter.cpp */,
				882D4C511AF478B000FFB1E8 /* ofxUIValuePlotter.h */,
				882D4C521AF478B000FFB1E8 /* ofxUIWaveform.cpp */,
				882D4C531AF478B000FFB1E8 /* ofxUIWaveform.h */,
				882D4C541AF478B000FFB1E8 /* ofxUIWidget.cpp */,
				882D4C551AF478B000FFB1E8 /* ofxUIWidget.h */,
				882D4C561AF478B000FFB1E8 /* ofxUIWidgets.h */,
				882D4C571AF478B000FFB1E8 /* ofxUIWidgetWithLabel.cpp */,
				882D4C581AF478B000FFB1E8 /* ofxUIWidgetWithLabel.h */,
				882D4C591AF478B000FFB1E8 /* ofxUIWrapper.h */,
			);
			name = src;
			path = ../../../addons/ofxUI/src;
			sourceTree = "<group>";
		};
		882D4C861AF478CE00FFB1E8 /* ofxXmlSettings */ = {
			isa = PBXGroup;
			children = (
				882D4C871AF478CE00FFB1E8 /* src */,
				882D4C8A1AF478CE00FFB1E8 /* libs */,
			);
			name = ofxXmlSettings;
			sourceTree = "<group>";
		};
		882D4C871AF478CE00FFB1E8 /* src */ = {
			isa = PBXGroup;
			children = (
				882D4C881AF478CE00FFB1E8 /* ofxXmlSettings.cpp */,
				882D4C891AF478CE00FFB1E8 /* ofxXmlSettings.h */,
			);
			name = src;
			path = ../../../addons/ofxXmlSettings/src;
			sourceTree = "<group>";
		};
		882D4C8A1AF478CE00FFB1E8 /* libs */ = {
			isa = PBXGroup;
			children = (
				882D4C8B1AF478CE00FFB1E8 /* tinyxml.cpp */,
				882D4C8C1AF478CE00FFB1E8 /* tinyxml.h */,
				882D4C8D1AF478CE00FFB1E8 /* tinyxmlerror.cpp */,
				882D4C8E1AF478CE00FFB1E8 /* tinyxmlparser.cpp */,
			);
			name = libs;
			path = ../../../addons/ofxXmlSettings/libs;
			sourceTree = "<group>";
		};
		88F918CB1AD4405E0045B219 /* ofxPS3EyeGrabber */ = {
			isa = PBXGroup;
			children = (
				88F918CC1AD4405E0045B219 /* src */,
				88F918CF1AD4405E0045B219 /* libs */,
			);
			name = ofxPS3EyeGrabber;
			sourceTree = "<group>";
		};
		88F918CC1AD4405E0045B219 /* src */ = {
			isa = PBXGroup;
			children = (
				88F918CD1AD4405E0045B219 /* ofxPS3EyeGrabber.cpp */,
				88F918CE1AD4405E0045B219 /* ofxPS3EyeGrabber.h */,
			);
			name = src;
			path = ../../../addons/ofxPS3EyeGrabber/src;
			sourceTree = "<group>";
		};
		88F918CF1AD4405E0045B219 /* libs */ = {
			isa = PBXGroup;
			children = (
				88F918D01AD4405E0045B219 /* ps3eye */,
			);
			name = libs;
			path = ../../../addons/ofxPS3EyeGrabber/libs;
			sourceTree = "<group>";
		};
		88F918D01AD4405E0045B219 /* ps3eye */ = {
			isa = PBXGroup;
			children = (
				88F918D11AD4405E0045B219 /* src */,
			);
			path = ps3eye;
			sourceTree = "<group>";
		};
		88F918D11AD4405E0045B219 /* src */ = {
			isa = PBXGroup;
			children = (
				88F918D21AD4405E0045B219 /* ps3eye.cpp */,
				88F918D31AD4405E0045B219 /* ps3eye.h */,
			);
			path = src;
			sourceTree = "<group>";
		};
		88F918D61AD440640045B219 /* ofxSyphon */ = {
			isa = PBXGroup;
			children = (
				88F918D71AD440640045B219 /* src */,
				88F918DF1AD440640045B219 /* libs */,
			);
			name = ofxSyphon;
			sourceTree = "<group>";
		};
		88F918D71AD440640045B219 /* src */ = {
			isa = PBXGroup;
			children = (
				88F918D81AD440640045B219 /* ofxSyphon.h */,
				88F918D91AD440640045B219 /* ofxSyphonClient.h */,
				88F918DA1AD440640045B219 /* ofxSyphonClient.mm */,
				88F918DB1AD440640045B219 /* ofxSyphonServer.h */,
				88F918DC1AD440640045B219 /* ofxSyphonServer.mm */,
				88F918DD1AD440640045B219 /* ofxSyphonServerDirectory.h */,
				88F918DE1AD440640045B219 /* ofxSyphonServerDirectory.mm */,
			);
			name = src;
			path = ../../../addons/ofxSyphon/src;
			sourceTree = "<group>";
		};
		88F918DF1AD440640045B219 /* libs */ = {
			isa = PBXGroup;
			children = (
				88F918E01AD440640045B219 /* Syphon */,
			);
			name = libs;
			path = ../../../addons/ofxSyphon/libs;
			sourceTree = "<group>";
		};
		88F918E01AD440640045B219 /* Syphon */ = {
			isa = PBXGroup;
			children = (
				88F918E11AD440640045B219 /* lib */,
				88F918E41AD440640045B219 /* src */,
			);
			path = Syphon;
			sourceTree = "<group>";
		};
		88F918E11AD440640045B219 /* lib */ = {
			isa = PBXGroup;
			children = (
				88F918E21AD440640045B219 /* osx */,
			);
			path = lib;
			sourceTree = "<group>";
		};
		88F918E21AD440640045B219 /* osx */ = {
			isa = PBXGroup;
			children = (
				88F918E31AD440640045B219 /* Syphon.framework */,
			);
			path = osx;
			sourceTree = "<group>";
		};
		88F918E41AD440640045B219 /* src */ = {
			isa = PBXGroup;
			children = (
				88F918E51AD440640045B219 /* SyphonNameboundClient.h */,
				88F918E61AD440640045B219 /* SyphonNameboundClient.m */,
			);
			path = src;
			sourceTree = "<group>";
		};
		88F918F11AD443C80045B219 /* ofxKinect */ = {
			isa = PBXGroup;
			children = (
				88F918F21AD443C80045B219 /* src */,
				88F918F91AD443C80045B219 /* libs */,
			);
			name = ofxKinect;
			sourceTree = "<group>";
		};
		88F918F21AD443C80045B219 /* src */ = {
			isa = PBXGroup;
			children = (
				88F918F31AD443C80045B219 /* extra */,
				88F918F61AD443C80045B219 /* ofxBase3DVideo.h */,
				88F918F71AD443C80045B219 /* ofxKinect.cpp */,
				88F918F81AD443C80045B219 /* ofxKinect.h */,
			);
			name = src;
			path = ../../../addons/ofxKinect/src;
			sourceTree = "<group>";
		};
		88F918F31AD443C80045B219 /* extra */ = {
			isa = PBXGroup;
			children = (
				88F918F41AD443C80045B219 /* ofxKinectExtras.cpp */,
				88F918F51AD443C80045B219 /* ofxKinectExtras.h */,
			);
			path = extra;
			sourceTree = "<group>";
		};
		88F918F91AD443C80045B219 /* libs */ = {
			isa = PBXGroup;
			children = (
				88F918FA1AD443C80045B219 /* libfreenect */,
				88F919561AD443C80045B219 /* libusb-1.0 */,
			);
			name = libs;
			path = ../../../addons/ofxKinect/libs;
			sourceTree = "<group>";
		};
		88F918FA1AD443C80045B219 /* libfreenect */ = {
			isa = PBXGroup;
			children = (
				88F918FB1AD443C80045B219 /* APACHE20 */,
				88F918FC1AD443C80045B219 /* CONTRIB */,
				88F918FD1AD443C80045B219 /* GPL2 */,
				88F918FE1AD443C80045B219 /* include */,
				88F919451AD443C80045B219 /* src */,
			);
			path = libfreenect;
			sourceTree = "<group>";
		};
		88F918FE1AD443C80045B219 /* include */ = {
			isa = PBXGroup;
			children = (
				88F918FF1AD443C80045B219 /* libfreenect.h */,
				88F919001AD443C80045B219 /* libfreenect_audio.h */,
				88F919011AD443C80045B219 /* libfreenect_registration.h */,
			);
			path = include;
			sourceTree = "<group>";
		};
		88F919451AD443C80045B219 /* src */ = {
			isa = PBXGroup;
			children = (
				88F919461AD443C80045B219 /* audio.c */,
				88F919471AD443C80045B219 /* cameras.c */,
				88F919481AD443C80045B219 /* cameras.h */,
				88F919491AD443C80045B219 /* core.c */,
				88F9194A1AD443C80045B219 /* flags.c */,
				88F9194B1AD443C80045B219 /* flags.h */,
				88F9194C1AD443C80045B219 /* freenect_internal.h */,
				88F9194D1AD443C80045B219 /* keep_alive.c */,
				88F9194E1AD443C80045B219 /* keep_alive.h */,
				88F9194F1AD443C80045B219 /* loader.c */,
				88F919501AD443C80045B219 /* loader.h */,
				88F919511AD443C80045B219 /* registration.c */,
				88F919521AD443C80045B219 /* registration.h */,
				88F919531AD443C80045B219 /* tilt.c */,
				88F919541AD443C80045B219 /* usb_libusb10.c */,
				88F919551AD443C80045B219 /* usb_libusb10.h */,
			);
			path = src;
			sourceTree = "<group>";
		};
		88F919561AD443C80045B219 /* libusb-1.0 */ = {
			isa = PBXGroup;
			children = (
				88F919571AD443C80045B219 /* include */,
				88F9195A1AD443C80045B219 /* lib */,
			);
			path = "libusb-1.0";
			sourceTree = "<group>";
		};
		88F919571AD443C80045B219 /* include */ = {
			isa = PBXGroup;
			children = (
				88F919581AD443C80045B219 /* libusb-1.0 */,
			);
			path = include;
			sourceTree = "<group>";
		};
		88F919581AD443C80045B219 /* libusb-1.0 */ = {
			isa = PBXGroup;
			children = (
				88F919591AD443C80045B219 /* libusb.h */,
			);
			path = "libusb-1.0";
			sourceTree = "<group>";
		};
		88F9195A1AD443C80045B219 /* lib */ = {
			isa = PBXGroup;
			children = (
				88F9195B1AD443C80045B219 /* osx */,
			);
			path = lib;
			sourceTree = "<group>";
		};
		88F9195B1AD443C80045B219 /* osx */ = {
			isa = PBXGroup;
			children = (
				88F9195C1AD443C80045B219 /* usb-1.0.a */,
			);
			path = osx;
			sourceTree = "<group>";
		};
		BB4B014C10F69532006C3DED /* addons */ = {
			isa = PBXGroup;
			children = (
				88F918F11AD443C80045B219 /* ofxKinect */,
				88F918CB1AD4405E0045B219 /* ofxPS3EyeGrabber */,
				88F918D61AD440640045B219 /* ofxSyphon */,
				882D4BFA1AF478B000FFB1E8 /* ofxUI */,
				882D4C861AF478CE00FFB1E8 /* ofxXmlSettings */,
			);
			name = addons;
			sourceTree = "<group>";
		};
		BBAB23C913894ECA00AA2426 /* system frameworks */ = {
			isa = PBXGroup;
			children = (
				6474CBF019BCE00B003C94E2 /* AVFoundation.framework */,
				6474CBF119BCE00B003C94E2 /* CoreMedia.framework */,
				6474CBF219BCE00B003C94E2 /* QuartzCore.framework */,
				E7F985F515E0DE99003869B5 /* Accelerate.framework */,
				E4C2424410CC5A17004149E2 /* AppKit.framework */,
				E4C2424510CC5A17004149E2 /* Cocoa.framework */,
				E4C2424610CC5A17004149E2 /* IOKit.framework */,
				E45BE9710E8CC7DD009D7055 /* AGL.framework */,
				E45BE9720E8CC7DD009D7055 /* ApplicationServices.framework */,
				E45BE9730E8CC7DD009D7055 /* AudioToolbox.framework */,
				E45BE9750E8CC7DD009D7055 /* CoreAudio.framework */,
				E45BE9760E8CC7DD009D7055 /* CoreFoundation.framework */,
				E45BE9770E8CC7DD009D7055 /* CoreServices.framework */,
				E45BE9790E8CC7DD009D7055 /* OpenGL.framework */,
				E45BE97A0E8CC7DD009D7055 /* QuickTime.framework */,
				E7E077E415D3B63C0020DFD4 /* CoreVideo.framework */,
				E7E077E715D3B6510020DFD4 /* QTKit.framework */,
			);
			name = "system frameworks";
			sourceTree = "<group>";
		};
		BBAB23CA13894EDB00AA2426 /* 3rd party frameworks */ = {
			isa = PBXGroup;
			children = (
				BBAB23BE13894E4700AA2426 /* GLUT.framework */,
			);
			name = "3rd party frameworks";
			sourceTree = "<group>";
		};
		E4328144138ABC890047C5CB /* Products */ = {
			isa = PBXGroup;
			children = (
				E4328148138ABC890047C5CB /* openFrameworksDebug.a */,
			);
			name = Products;
			sourceTree = "<group>";
		};
		E45BE5980E8CC70C009D7055 /* frameworks */ = {
			isa = PBXGroup;
			children = (
				BBAB23CA13894EDB00AA2426 /* 3rd party frameworks */,
				BBAB23C913894ECA00AA2426 /* system frameworks */,
			);
			name = frameworks;
			sourceTree = "<group>";
		};
		E4B69B4A0A3A1720003C02F2 = {
			isa = PBXGroup;
			children = (
				E4B6FCAD0C3E899E008CF71C /* openFrameworks-Info.plist */,
				E4EB6923138AFD0F00A09F29 /* Project.xcconfig */,
				E4B69E1C0A3A1BDC003C02F2 /* src */,
				E4EEC9E9138DF44700A80321 /* openFrameworks */,
				BB4B014C10F69532006C3DED /* addons */,
				E45BE5980E8CC70C009D7055 /* frameworks */,
				E4B69B5B0A3A1756003C02F2 /* eyeSyphonDebug.app */,
			);
			sourceTree = "<group>";
		};
		E4B69E1C0A3A1BDC003C02F2 /* src */ = {
			isa = PBXGroup;
			children = (
				E4B69E1D0A3A1BDC003C02F2 /* main.cpp */,
				E4B69E1E0A3A1BDC003C02F2 /* ofApp.cpp */,
				E4B69E1F0A3A1BDC003C02F2 /* ofApp.h */,
			);
			path = src;
			sourceTree = SOURCE_ROOT;
		};
		E4EEC9E9138DF44700A80321 /* openFrameworks */ = {
			isa = PBXGroup;
			children = (
				E4EB691F138AFCF100A09F29 /* CoreOF.xcconfig */,
				E4328143138ABC890047C5CB /* openFrameworksLib.xcodeproj */,
			);
			name = openFrameworks;
			sourceTree = "<group>";
		};
/* End PBXGroup section */

/* Begin PBXNativeTarget section */
		E4B69B5A0A3A1756003C02F2 /* eyeSyphon */ = {
			isa = PBXNativeTarget;
			buildConfigurationList = E4B69B5F0A3A1757003C02F2 /* Build configuration list for PBXNativeTarget "eyeSyphon" */;
			buildPhases = (
				E4B69B580A3A1756003C02F2 /* Sources */,
				E4B69B590A3A1756003C02F2 /* Frameworks */,
				E4B6FFFD0C3F9AB9008CF71C /* ShellScript */,
				E4C2427710CC5ABF004149E2 /* CopyFiles */,
			);
			buildRules = (
			);
			dependencies = (
				E4EEB9AC138B136A00A80321 /* PBXTargetDependency */,
			);
			name = eyeSyphon;
			productName = myOFApp;
			productReference = E4B69B5B0A3A1756003C02F2 /* eyeSyphonDebug.app */;
			productType = "com.apple.product-type.application";
		};
/* End PBXNativeTarget section */

/* Begin PBXProject section */
		E4B69B4C0A3A1720003C02F2 /* Project object */ = {
			isa = PBXProject;
			attributes = {
				LastUpgradeCheck = 0600;
			};
			buildConfigurationList = E4B69B4D0A3A1720003C02F2 /* Build configuration list for PBXProject "eyeSyphon" */;
			compatibilityVersion = "Xcode 3.2";
			developmentRegion = English;
			hasScannedForEncodings = 0;
			knownRegions = (
				English,
				Japanese,
				French,
				German,
			);
			mainGroup = E4B69B4A0A3A1720003C02F2;
			productRefGroup = E4B69B4A0A3A1720003C02F2;
			projectDirPath = "";
			projectReferences = (
				{
					ProductGroup = E4328144138ABC890047C5CB /* Products */;
					ProjectRef = E4328143138ABC890047C5CB /* openFrameworksLib.xcodeproj */;
				},
			);
			projectRoot = "";
			targets = (
				E4B69B5A0A3A1756003C02F2 /* eyeSyphon */,
			);
		};
/* End PBXProject section */

/* Begin PBXReferenceProxy section */
		E4328148138ABC890047C5CB /* openFrameworksDebug.a */ = {
			isa = PBXReferenceProxy;
			fileType = archive.ar;
			path = openFrameworksDebug.a;
			remoteRef = E4328147138ABC890047C5CB /* PBXContainerItemProxy */;
			sourceTree = BUILT_PRODUCTS_DIR;
		};
/* End PBXReferenceProxy section */

/* Begin PBXShellScriptBuildPhase section */
		E4B6FFFD0C3F9AB9008CF71C /* ShellScript */ = {
			isa = PBXShellScriptBuildPhase;
			buildActionMask = 2147483647;
			files = (
			);
			inputPaths = (
			);
			outputPaths = (
			);
			runOnlyForDeploymentPostprocessing = 0;
			shellPath = /bin/sh;
			shellScript = "cp -f ../../../libs/fmodex/lib/osx/libfmodex.dylib \"$TARGET_BUILD_DIR/$PRODUCT_NAME.app/Contents/MacOS/libfmodex.dylib\"; install_name_tool -change ./libfmodex.dylib @executable_path/libfmodex.dylib \"$TARGET_BUILD_DIR/$PRODUCT_NAME.app/Contents/MacOS/$PRODUCT_NAME\";\nmkdir -p \"$TARGET_BUILD_DIR/$PRODUCT_NAME.app/Contents/Resources/\"\ncp -f \"$ICON_FILE\" \"$TARGET_BUILD_DIR/$PRODUCT_NAME.app/Contents/Resources/\"\n";
		};
/* End PBXShellScriptBuildPhase section */

/* Begin PBXSourcesBuildPhase section */
		E4B69B580A3A1756003C02F2 /* Sources */ = {
			isa = PBXSourcesBuildPhase;
			buildActionMask = 2147483647;
			files = (
				882D4C771AF478B000FFB1E8 /* ofxUIScrollableCanvas.cpp in Sources */,
				882D4C831AF478B000FFB1E8 /* ofxUIWaveform.cpp in Sources */,
				88F919701AD443C80045B219 /* keep_alive.c in Sources */,
				88F919741AD443C80045B219 /* usb_libusb10.c in Sources */,
				882D4C7F1AF478B000FFB1E8 /* ofxUITextInput.cpp in Sources */,
				882D4C7D1AF478B000FFB1E8 /* ofxUITabBar.cpp in Sources */,
				882D4C901AF478CE00FFB1E8 /* tinyxml.cpp in Sources */,
				88F919711AD443C80045B219 /* loader.c in Sources */,
				882D4C691AF478B000FFB1E8 /* ofxUIImageSlider.cpp in Sources */,
				882D4C671AF478B000FFB1E8 /* ofxUIImageButton.cpp in Sources */,
				882D4C681AF478B000FFB1E8 /* ofxUIImageSampler.cpp in Sources */,
				88F919721AD443C80045B219 /* registration.c in Sources */,
				88F9196E1AD443C80045B219 /* core.c in Sources */,
				882D4C801AF478B000FFB1E8 /* ofxUIToggle.cpp in Sources */,
				882D4C7A1AF478B000FFB1E8 /* ofxUISpacer.cpp in Sources */,
				882D4C921AF478CE00FFB1E8 /* tinyxmlparser.cpp in Sources */,
				88F919731AD443C80045B219 /* tilt.c in Sources */,
				882D4C711AF478B000FFB1E8 /* ofxUIMultiImageToggle.cpp in Sources */,
				882D4C701AF478B000FFB1E8 /* ofxUIMultiImageButton.cpp in Sources */,
				882D4C751AF478B000FFB1E8 /* ofxUIRectangle.cpp in Sources */,
				882D4C8F1AF478CE00FFB1E8 /* ofxXmlSettings.cpp in Sources */,
				882D4C721AF478B000FFB1E8 /* ofxUINumberDialer.cpp in Sources */,
				882D4C7C1AF478B000FFB1E8 /* ofxUISuperCanvas.cpp in Sources */,
				88F918D51AD4405E0045B219 /* ps3eye.cpp in Sources */,
				88F918EB1AD440640045B219 /* ofxSyphonServerDirectory.mm in Sources */,
				882D4C6D1AF478B000FFB1E8 /* ofxUILabelToggle.cpp in Sources */,
				882D4C811AF478B000FFB1E8 /* ofxUIToggleMatrix.cpp in Sources */,
				E4B69E200A3A1BDC003C02F2 /* main.cpp in Sources */,
				882D4C641AF478B000FFB1E8 /* ofxUIFPS.cpp in Sources */,
				882D4C5B1AF478B000FFB1E8 /* ofxUI2DPad.cpp in Sources */,
				882D4C731AF478B000FFB1E8 /* ofxUIRadio.cpp in Sources */,
				88F918EE1AD440640045B219 /* SyphonNameboundClient.m in Sources */,
				882D4C761AF478B000FFB1E8 /* ofxUIRotarySlider.cpp in Sources */,
				882D4C5F1AF478B000FFB1E8 /* ofxUICanvas.cpp in Sources */,
				882D4C6B1AF478B000FFB1E8 /* ofxUILabel.cpp in Sources */,
				882D4C7B1AF478B000FFB1E8 /* ofxUISpectrum.cpp in Sources */,
				882D4C661AF478B000FFB1E8 /* ofxUIImage.cpp in Sources */,
				88F9196F1AD443C80045B219 /* flags.c in Sources */,
				882D4C611AF478B000FFB1E8 /* ofxUIDragableLabelButton.cpp in Sources */,
				882D4C621AF478B000FFB1E8 /* ofxUIDropDownList.cpp in Sources */,
				882D4C821AF478B000FFB1E8 /* ofxUIValuePlotter.cpp in Sources */,
				88F9196C1AD443C80045B219 /* audio.c in Sources */,
				882D4C6C1AF478B000FFB1E8 /* ofxUILabelButton.cpp in Sources */,
				882D4C5A1AF478B000FFB1E8 /* ofxUI2DGraph.cpp in Sources */,
				E4B69E210A3A1BDC003C02F2 /* ofApp.cpp in Sources */,
				882D4C741AF478B000FFB1E8 /* ofxUIRangeSlider.cpp in Sources */,
				882D4C5E1AF478B000FFB1E8 /* ofxUIButton.cpp in Sources */,
				882D4C631AF478B000FFB1E8 /* ofxUIEventArgs.cpp in Sources */,
				882D4C6E1AF478B000FFB1E8 /* ofxUIMinimalSlider.cpp in Sources */,
				882D4C6A1AF478B000FFB1E8 /* ofxUIImageToggle.cpp in Sources */,
				88F9196B1AD443C80045B219 /* ofxKinect.cpp in Sources */,
				882D4C7E1AF478B000FFB1E8 /* ofxUITextArea.cpp in Sources */,
				882D4C851AF478B000FFB1E8 /* ofxUIWidgetWithLabel.cpp in Sources */,
				88F9196A1AD443C80045B219 /* ofxKinectExtras.cpp in Sources */,
				882D4C791AF478B000FFB1E8 /* ofxUISortableList.cpp in Sources */,
				882D4C911AF478CE00FFB1E8 /* tinyxmlerror.cpp in Sources */,
				882D4C781AF478B000FFB1E8 /* ofxUISlider.cpp in Sources */,
				88F918E91AD440640045B219 /* ofxSyphonClient.mm in Sources */,
				882D4C5D1AF478B000FFB1E8 /* ofxUIBiLabelSlider.cpp in Sources */,
				88F9196D1AD443C80045B219 /* cameras.c in Sources */,
				88F918EA1AD440640045B219 /* ofxSyphonServer.mm in Sources */,
				882D4C651AF478B000FFB1E8 /* ofxUIFPSSlider.cpp in Sources */,
				882D4C5C1AF478B000FFB1E8 /* ofxUIBaseDraws.cpp in Sources */,
				882D4C601AF478B000FFB1E8 /* ofxUICircleSlider.cpp in Sources */,
				882D4C6F1AF478B000FFB1E8 /* ofxUIMovingGraph.cpp in Sources */,
				88F918D41AD4405E0045B219 /* ofxPS3EyeGrabber.cpp in Sources */,
				882D4C841AF478B000FFB1E8 /* ofxUIWidget.cpp in Sources */,
			);
			runOnlyForDeploymentPostprocessing = 0;
		};
/* End PBXSourcesBuildPhase section */

/* Begin PBXTargetDependency section */
		E4EEB9AC138B136A00A80321 /* PBXTargetDependency */ = {
			isa = PBXTargetDependency;
			name = openFrameworks;
			targetProxy = E4EEB9AB138B136A00A80321 /* PBXContainerItemProxy */;
		};
/* End PBXTargetDependency section */

/* Begin XCBuildConfiguration section */
		E4B69B4E0A3A1720003C02F2 /* Debug */ = {
			isa = XCBuildConfiguration;
			baseConfigurationReference = E4EB6923138AFD0F00A09F29 /* Project.xcconfig */;
			buildSettings = {
				ARCHS = "$(ARCHS_STANDARD_32_BIT)";
				CONFIGURATION_BUILD_DIR = "$(SRCROOT)/bin/";
				COPY_PHASE_STRIP = NO;
				DEAD_CODE_STRIPPING = YES;
				GCC_AUTO_VECTORIZATION = YES;
				GCC_ENABLE_SSE3_EXTENSIONS = YES;
				GCC_ENABLE_SUPPLEMENTAL_SSE3_INSTRUCTIONS = YES;
				GCC_INLINES_ARE_PRIVATE_EXTERN = NO;
				GCC_OPTIMIZATION_LEVEL = 0;
				GCC_SYMBOLS_PRIVATE_EXTERN = NO;
				GCC_WARN_ABOUT_DEPRECATED_FUNCTIONS = YES;
				GCC_WARN_ABOUT_INVALID_OFFSETOF_MACRO = NO;
				GCC_WARN_ALLOW_INCOMPLETE_PROTOCOL = NO;
				GCC_WARN_UNINITIALIZED_AUTOS = NO;
				GCC_WARN_UNUSED_VALUE = NO;
				GCC_WARN_UNUSED_VARIABLE = NO;
				MACOSX_DEPLOYMENT_TARGET = 10.6;
				ONLY_ACTIVE_ARCH = YES;
				OTHER_CPLUSPLUSFLAGS = (
					"-D__MACOSX_CORE__",
					"-lpthread",
					"-mtune=native",
				);
				SDKROOT = macosx;
			};
			name = Debug;
		};
		E4B69B4F0A3A1720003C02F2 /* Release */ = {
			isa = XCBuildConfiguration;
			baseConfigurationReference = E4EB6923138AFD0F00A09F29 /* Project.xcconfig */;
			buildSettings = {
				ARCHS = "$(ARCHS_STANDARD_32_BIT)";
				CONFIGURATION_BUILD_DIR = "$(SRCROOT)/bin/";
				COPY_PHASE_STRIP = YES;
				DEAD_CODE_STRIPPING = YES;
				GCC_AUTO_VECTORIZATION = YES;
				GCC_ENABLE_SSE3_EXTENSIONS = YES;
				GCC_ENABLE_SUPPLEMENTAL_SSE3_INSTRUCTIONS = YES;
				GCC_INLINES_ARE_PRIVATE_EXTERN = NO;
				GCC_OPTIMIZATION_LEVEL = 3;
				GCC_SYMBOLS_PRIVATE_EXTERN = NO;
				GCC_UNROLL_LOOPS = YES;
				GCC_WARN_ABOUT_DEPRECATED_FUNCTIONS = YES;
				GCC_WARN_ABOUT_INVALID_OFFSETOF_MACRO = NO;
				GCC_WARN_ALLOW_INCOMPLETE_PROTOCOL = NO;
				GCC_WARN_UNINITIALIZED_AUTOS = NO;
				GCC_WARN_UNUSED_VALUE = NO;
				GCC_WARN_UNUSED_VARIABLE = NO;
				MACOSX_DEPLOYMENT_TARGET = 10.6;
				OTHER_CPLUSPLUSFLAGS = (
					"-D__MACOSX_CORE__",
					"-lpthread",
					"-mtune=native",
				);
				SDKROOT = macosx;
			};
			name = Release;
		};
		E4B69B600A3A1757003C02F2 /* Debug */ = {
			isa = XCBuildConfiguration;
			buildSettings = {
				COMBINE_HIDPI_IMAGES = YES;
				COPY_PHASE_STRIP = NO;
				FRAMEWORK_SEARCH_PATHS = (
					"$(inherited)",
					"$(FRAMEWORK_SEARCH_PATHS_QUOTED_FOR_TARGET_1)",
					/Users/jesse/Dev/openFrameworks/addons/ofxSyphon/libs/Syphon/lib/osx,
				);
				FRAMEWORK_SEARCH_PATHS_QUOTED_FOR_TARGET_1 = "\"$(SRCROOT)/../../../libs/glut/lib/osx\"";
				GCC_DYNAMIC_NO_PIC = NO;
				GCC_GENERATE_DEBUGGING_SYMBOLS = YES;
				GCC_MODEL_TUNING = NONE;
				ICON = "$(ICON_NAME_DEBUG)";
				ICON_FILE = "$(ICON_FILE_PATH)$(ICON)";
				INFOPLIST_FILE = "openFrameworks-Info.plist";
				INSTALL_PATH = "$(HOME)/Applications";
				LIBRARY_SEARCH_PATHS = (
					"$(inherited)",
					"/Users/jesse/Dev/openFrameworks/addons/ofxKinect/libs/libusb-1.0/lib/osx",
				);
				PRODUCT_NAME = "$(TARGET_NAME)Debug";
				USER_HEADER_SEARCH_PATHS = "../../../addons/ofxKinect/libs/libusb-1.0/include/ ../../../addons/ofxKinect/libs/libusb-win32/include/ ../../../addons/ofxKinect/libs/libfreenect/include/";
				WRAPPER_EXTENSION = app;
			};
			name = Debug;
		};
		E4B69B610A3A1757003C02F2 /* Release */ = {
			isa = XCBuildConfiguration;
			buildSettings = {
				COMBINE_HIDPI_IMAGES = YES;
				COPY_PHASE_STRIP = YES;
				FRAMEWORK_SEARCH_PATHS = (
					"$(inherited)",
					"$(FRAMEWORK_SEARCH_PATHS_QUOTED_FOR_TARGET_1)",
					/Users/jesse/Dev/openFrameworks/addons/ofxSyphon/libs/Syphon/lib/osx,
				);
				FRAMEWORK_SEARCH_PATHS_QUOTED_FOR_TARGET_1 = "\"$(SRCROOT)/../../../libs/glut/lib/osx\"";
				GCC_GENERATE_DEBUGGING_SYMBOLS = YES;
				GCC_MODEL_TUNING = NONE;
				ICON = "$(ICON_NAME_RELEASE)";
				ICON_FILE = "$(ICON_FILE_PATH)$(ICON)";
				INFOPLIST_FILE = "openFrameworks-Info.plist";
				INSTALL_PATH = "$(HOME)/Applications";
				LIBRARY_SEARCH_PATHS = (
					"$(inherited)",
					"/Users/jesse/Dev/openFrameworks/addons/ofxKinect/libs/libusb-1.0/lib/osx",
				);
				PRODUCT_NAME = "$(TARGET_NAME)";
				USER_HEADER_SEARCH_PATHS = "../../../addons/ofxKinect/libs/libusb-1.0/include/ ../../../addons/ofxKinect/libs/libusb-win32/include/ ../../../addons/ofxKinect/libs/libfreenect/include/";
				WRAPPER_EXTENSION = app;
			};
			name = Release;
		};
/* End XCBuildConfiguration section */

/* Begin XCConfigurationList section */
		E4B69B4D0A3A1720003C02F2 /* Build configuration list for PBXProject "eyeSyphon" */ = {
			isa = XCConfigurationList;
			buildConfigurations = (
				E4B69B4E0A3A1720003C02F2 /* Debug */,
				E4B69B4F0A3A1720003C02F2 /* Release */,
			);
			defaultConfigurationIsVisible = 0;
			defaultConfigurationName = Release;
		};
		E4B69B5F0A3A1757003C02F2 /* Build configuration list for PBXNativeTarget "eyeSyphon" */ = {
			isa = XCConfigurationList;
			buildConfigurations = (
				E4B69B600A3A1757003C02F2 /* Debug */,
				E4B69B610A3A1757003C02F2 /* Release */,
			);
			defaultConfigurationIsVisible = 0;
			defaultConfigurationName = Release;
		};
/* End XCConfigurationList section */
	};
	rootObject = E4B69B4C0A3A1720003C02F2 /* Project object */;
}
